// !$*UTF8*$!
{
	archiveVersion = 1;
	classes = {
	};
	objectVersion = 48;
	objects = {

/* Begin PBXBuildFile section */
		343C2FA53472FE0837AB18C6 /* Pods_CuritiBusUITests.framework in Frameworks */ = {isa = PBXBuildFile; fileRef = 5EE080F134E717659A30F54E /* Pods_CuritiBusUITests.framework */; };
		3F152B2820115A4D0059A2B5 /* CuritiBusTests.swift in Sources */ = {isa = PBXBuildFile; fileRef = 3F152B2720115A4D0059A2B5 /* CuritiBusTests.swift */; };
		3F152B3320115A4D0059A2B5 /* CuritiBusUITests.swift in Sources */ = {isa = PBXBuildFile; fileRef = 3F152B3220115A4D0059A2B5 /* CuritiBusUITests.swift */; };
		3F5A34DF20116ACD00FF272F /* Codability.swift in Sources */ = {isa = PBXBuildFile; fileRef = 3F5A34B220116ACD00FF272F /* Codability.swift */; };
		3F5A34E020116ACD00FF272F /* LocalizedString.swift in Sources */ = {isa = PBXBuildFile; fileRef = 3F5A34B320116ACD00FF272F /* LocalizedString.swift */; };
		3F5A34E220116ACD00FF272F /* ListLinesEndpoint.swift in Sources */ = {isa = PBXBuildFile; fileRef = 3F5A34B920116ACD00FF272F /* ListLinesEndpoint.swift */; };
		3F5A34E420116ACD00FF272F /* APIEndpoint.swift in Sources */ = {isa = PBXBuildFile; fileRef = 3F5A34BB20116ACD00FF272F /* APIEndpoint.swift */; };
		3F5A34E520116ACD00FF272F /* APIClient.swift in Sources */ = {isa = PBXBuildFile; fileRef = 3F5A34BD20116ACD00FF272F /* APIClient.swift */; };
		3F5A34E620116ACD00FF272F /* Errors.swift in Sources */ = {isa = PBXBuildFile; fileRef = 3F5A34BE20116ACD00FF272F /* Errors.swift */; };
		3F5A34E720116ACD00FF272F /* APILinesGateway.swift in Sources */ = {isa = PBXBuildFile; fileRef = 3F5A34C020116ACD00FF272F /* APILinesGateway.swift */; };
		3F5A34E820116ACD00FF272F /* APIResult.swift in Sources */ = {isa = PBXBuildFile; fileRef = 3F5A34C220116ACD00FF272F /* APIResult.swift */; };
		3F5A34E920116ACD00FF272F /* Assets.xcassets in Resources */ = {isa = PBXBuildFile; fileRef = 3F5A34C420116ACD00FF272F /* Assets.xcassets */; };
		3F5A34EA20116ACD00FF272F /* LaunchScreen.storyboard in Resources */ = {isa = PBXBuildFile; fileRef = 3F5A34C620116ACD00FF272F /* LaunchScreen.storyboard */; };
		3F5A34EB20116ACD00FF272F /* Main.storyboard in Resources */ = {isa = PBXBuildFile; fileRef = 3F5A34C720116ACD00FF272F /* Main.storyboard */; };
		3F5A34EC20116ACD00FF272F /* InitialViewController.swift in Sources */ = {isa = PBXBuildFile; fileRef = 3F5A34CA20116ACD00FF272F /* InitialViewController.swift */; };
		3F5A34ED20116ACD00FF272F /* InitialViewRouter.swift in Sources */ = {isa = PBXBuildFile; fileRef = 3F5A34CB20116ACD00FF272F /* InitialViewRouter.swift */; };
		3F5A34EE20116ACD00FF272F /* InitialPresenter.swift in Sources */ = {isa = PBXBuildFile; fileRef = 3F5A34CC20116ACD00FF272F /* InitialPresenter.swift */; };
		3F5A34EF20116ACD00FF272F /* InitialConfigurator.swift in Sources */ = {isa = PBXBuildFile; fileRef = 3F5A34CD20116ACD00FF272F /* InitialConfigurator.swift */; };
		3F5A34F020116ACD00FF272F /* Localizable.strings in Resources */ = {isa = PBXBuildFile; fileRef = 3F5A34CF20116ACD00FF272F /* Localizable.strings */; };
		3F5A34F120116ACD00FF272F /* AppDelegate.swift in Sources */ = {isa = PBXBuildFile; fileRef = 3F5A34D120116ACD00FF272F /* AppDelegate.swift */; };
		3F5A34F420116ACD00FF272F /* LinesGateway.swift in Sources */ = {isa = PBXBuildFile; fileRef = 3F5A34D620116ACD00FF272F /* LinesGateway.swift */; };
		3F5A34F520116ACD00FF272F /* ListLinesUseCase.swift in Sources */ = {isa = PBXBuildFile; fileRef = 3F5A34D820116ACD00FF272F /* ListLinesUseCase.swift */; };
		3F5A34F820116ACD00FF272F /* Result.swift in Sources */ = {isa = PBXBuildFile; fileRef = 3F5A34DC20116ACD00FF272F /* Result.swift */; };
		4850221E745EBF166D8429D7 /* Pods_CuritiBusTests.framework in Frameworks */ = {isa = PBXBuildFile; fileRef = 6FD0D9683455D8062FA99D74 /* Pods_CuritiBusTests.framework */; };
		F73B7A0FFFBEE24BA9F497E9 /* Pods_CuritiBus.framework in Frameworks */ = {isa = PBXBuildFile; fileRef = 6DCCD4EE1A9251D95144ABCE /* Pods_CuritiBus.framework */; };
/* End PBXBuildFile section */

/* Begin PBXContainerItemProxy section */
		3F152B2420115A4D0059A2B5 /* PBXContainerItemProxy */ = {
			isa = PBXContainerItemProxy;
			containerPortal = 3F152B0720115A4C0059A2B5 /* Project object */;
			proxyType = 1;
			remoteGlobalIDString = 3F152B0E20115A4D0059A2B5;
			remoteInfo = CuritiBus;
		};
		3F152B2F20115A4D0059A2B5 /* PBXContainerItemProxy */ = {
			isa = PBXContainerItemProxy;
			containerPortal = 3F152B0720115A4C0059A2B5 /* Project object */;
			proxyType = 1;
			remoteGlobalIDString = 3F152B0E20115A4D0059A2B5;
			remoteInfo = CuritiBus;
		};
/* End PBXContainerItemProxy section */

/* Begin PBXFileReference section */
		25F95404E6984DD72E5F8D17 /* Pods-CuritiBus.release.xcconfig */ = {isa = PBXFileReference; includeInIndex = 1; lastKnownFileType = text.xcconfig; name = "Pods-CuritiBus.release.xcconfig"; path = "Pods/Target Support Files/Pods-CuritiBus/Pods-CuritiBus.release.xcconfig"; sourceTree = "<group>"; };
		3F152B0F20115A4D0059A2B5 /* CuritiBus.app */ = {isa = PBXFileReference; explicitFileType = wrapper.application; includeInIndex = 0; path = CuritiBus.app; sourceTree = BUILT_PRODUCTS_DIR; };
		3F152B2320115A4D0059A2B5 /* CuritiBusTests.xctest */ = {isa = PBXFileReference; explicitFileType = wrapper.cfbundle; includeInIndex = 0; path = CuritiBusTests.xctest; sourceTree = BUILT_PRODUCTS_DIR; };
		3F152B2720115A4D0059A2B5 /* CuritiBusTests.swift */ = {isa = PBXFileReference; lastKnownFileType = sourcecode.swift; path = CuritiBusTests.swift; sourceTree = "<group>"; };
		3F152B2920115A4D0059A2B5 /* Info.plist */ = {isa = PBXFileReference; lastKnownFileType = text.plist.xml; path = Info.plist; sourceTree = "<group>"; };
		3F152B2E20115A4D0059A2B5 /* CuritiBusUITests.xctest */ = {isa = PBXFileReference; explicitFileType = wrapper.cfbundle; includeInIndex = 0; path = CuritiBusUITests.xctest; sourceTree = BUILT_PRODUCTS_DIR; };
		3F152B3220115A4D0059A2B5 /* CuritiBusUITests.swift */ = {isa = PBXFileReference; lastKnownFileType = sourcecode.swift; path = CuritiBusUITests.swift; sourceTree = "<group>"; };
		3F152B3420115A4D0059A2B5 /* Info.plist */ = {isa = PBXFileReference; lastKnownFileType = text.plist.xml; path = Info.plist; sourceTree = "<group>"; };
		3F5A34B220116ACD00FF272F /* Codability.swift */ = {isa = PBXFileReference; fileEncoding = 4; lastKnownFileType = sourcecode.swift; path = Codability.swift; sourceTree = "<group>"; };
		3F5A34B320116ACD00FF272F /* LocalizedString.swift */ = {isa = PBXFileReference; fileEncoding = 4; lastKnownFileType = sourcecode.swift; path = LocalizedString.swift; sourceTree = "<group>"; };
		3F5A34B920116ACD00FF272F /* ListLinesEndpoint.swift */ = {isa = PBXFileReference; fileEncoding = 4; lastKnownFileType = sourcecode.swift; path = ListLinesEndpoint.swift; sourceTree = "<group>"; };
		3F5A34BB20116ACD00FF272F /* APIEndpoint.swift */ = {isa = PBXFileReference; fileEncoding = 4; lastKnownFileType = sourcecode.swift; path = APIEndpoint.swift; sourceTree = "<group>"; };
		3F5A34BD20116ACD00FF272F /* APIClient.swift */ = {isa = PBXFileReference; fileEncoding = 4; lastKnownFileType = sourcecode.swift; path = APIClient.swift; sourceTree = "<group>"; };
		3F5A34BE20116ACD00FF272F /* Errors.swift */ = {isa = PBXFileReference; fileEncoding = 4; lastKnownFileType = sourcecode.swift; path = Errors.swift; sourceTree = "<group>"; };
		3F5A34C020116ACD00FF272F /* APILinesGateway.swift */ = {isa = PBXFileReference; fileEncoding = 4; lastKnownFileType = sourcecode.swift; path = APILinesGateway.swift; sourceTree = "<group>"; };
		3F5A34C220116ACD00FF272F /* APIResult.swift */ = {isa = PBXFileReference; fileEncoding = 4; lastKnownFileType = sourcecode.swift; path = APIResult.swift; sourceTree = "<group>"; };
		3F5A34C420116ACD00FF272F /* Assets.xcassets */ = {isa = PBXFileReference; lastKnownFileType = folder.assetcatalog; path = Assets.xcassets; sourceTree = "<group>"; };
		3F5A34C620116ACD00FF272F /* LaunchScreen.storyboard */ = {isa = PBXFileReference; fileEncoding = 4; lastKnownFileType = file.storyboard; path = LaunchScreen.storyboard; sourceTree = "<group>"; };
		3F5A34C720116ACD00FF272F /* Main.storyboard */ = {isa = PBXFileReference; fileEncoding = 4; lastKnownFileType = file.storyboard; path = Main.storyboard; sourceTree = "<group>"; };
		3F5A34CA20116ACD00FF272F /* InitialViewController.swift */ = {isa = PBXFileReference; fileEncoding = 4; lastKnownFileType = sourcecode.swift; path = InitialViewController.swift; sourceTree = "<group>"; };
		3F5A34CB20116ACD00FF272F /* InitialViewRouter.swift */ = {isa = PBXFileReference; fileEncoding = 4; lastKnownFileType = sourcecode.swift; path = InitialViewRouter.swift; sourceTree = "<group>"; };
		3F5A34CC20116ACD00FF272F /* InitialPresenter.swift */ = {isa = PBXFileReference; fileEncoding = 4; lastKnownFileType = sourcecode.swift; path = InitialPresenter.swift; sourceTree = "<group>"; };
		3F5A34CD20116ACD00FF272F /* InitialConfigurator.swift */ = {isa = PBXFileReference; fileEncoding = 4; lastKnownFileType = sourcecode.swift; path = InitialConfigurator.swift; sourceTree = "<group>"; };
		3F5A34D020116ACD00FF272F /* pt-BR */ = {isa = PBXFileReference; lastKnownFileType = text.plist.strings; name = "pt-BR"; path = "pt-BR.lproj/Localizable.strings"; sourceTree = "<group>"; };
		3F5A34D120116ACD00FF272F /* AppDelegate.swift */ = {isa = PBXFileReference; fileEncoding = 4; lastKnownFileType = sourcecode.swift; path = AppDelegate.swift; sourceTree = "<group>"; };
		3F5A34D220116ACD00FF272F /* Info.plist */ = {isa = PBXFileReference; fileEncoding = 4; lastKnownFileType = text.plist.xml; path = Info.plist; sourceTree = "<group>"; };
		3F5A34D620116ACD00FF272F /* LinesGateway.swift */ = {isa = PBXFileReference; fileEncoding = 4; lastKnownFileType = sourcecode.swift; path = LinesGateway.swift; sourceTree = "<group>"; };
		3F5A34D820116ACD00FF272F /* ListLinesUseCase.swift */ = {isa = PBXFileReference; fileEncoding = 4; lastKnownFileType = sourcecode.swift; path = ListLinesUseCase.swift; sourceTree = "<group>"; };
		3F5A34DC20116ACD00FF272F /* Result.swift */ = {isa = PBXFileReference; fileEncoding = 4; lastKnownFileType = sourcecode.swift; path = Result.swift; sourceTree = "<group>"; };
		5207498BC32B7DB0512A377B /* Pods-CuritiBus.debug.xcconfig */ = {isa = PBXFileReference; includeInIndex = 1; lastKnownFileType = text.xcconfig; name = "Pods-CuritiBus.debug.xcconfig"; path = "Pods/Target Support Files/Pods-CuritiBus/Pods-CuritiBus.debug.xcconfig"; sourceTree = "<group>"; };
		5EE080F134E717659A30F54E /* Pods_CuritiBusUITests.framework */ = {isa = PBXFileReference; explicitFileType = wrapper.framework; includeInIndex = 0; path = Pods_CuritiBusUITests.framework; sourceTree = BUILT_PRODUCTS_DIR; };
		6DCCD4EE1A9251D95144ABCE /* Pods_CuritiBus.framework */ = {isa = PBXFileReference; explicitFileType = wrapper.framework; includeInIndex = 0; path = Pods_CuritiBus.framework; sourceTree = BUILT_PRODUCTS_DIR; };
		6FD0D9683455D8062FA99D74 /* Pods_CuritiBusTests.framework */ = {isa = PBXFileReference; explicitFileType = wrapper.framework; includeInIndex = 0; path = Pods_CuritiBusTests.framework; sourceTree = BUILT_PRODUCTS_DIR; };
		74DCF18AA69B32AE073090E7 /* Pods-CuritiBusTests.debug.xcconfig */ = {isa = PBXFileReference; includeInIndex = 1; lastKnownFileType = text.xcconfig; name = "Pods-CuritiBusTests.debug.xcconfig"; path = "Pods/Target Support Files/Pods-CuritiBusTests/Pods-CuritiBusTests.debug.xcconfig"; sourceTree = "<group>"; };
		CD1387A390D4B0DB842A4ACD /* Pods-CuritiBusUITests.debug.xcconfig */ = {isa = PBXFileReference; includeInIndex = 1; lastKnownFileType = text.xcconfig; name = "Pods-CuritiBusUITests.debug.xcconfig"; path = "Pods/Target Support Files/Pods-CuritiBusUITests/Pods-CuritiBusUITests.debug.xcconfig"; sourceTree = "<group>"; };
		CE6F3711FD3306CAA7D6C5AB /* Pods-CuritiBusUITests.release.xcconfig */ = {isa = PBXFileReference; includeInIndex = 1; lastKnownFileType = text.xcconfig; name = "Pods-CuritiBusUITests.release.xcconfig"; path = "Pods/Target Support Files/Pods-CuritiBusUITests/Pods-CuritiBusUITests.release.xcconfig"; sourceTree = "<group>"; };
		EA4112E5C17B0EB308D73C8A /* Pods-CuritiBusTests.release.xcconfig */ = {isa = PBXFileReference; includeInIndex = 1; lastKnownFileType = text.xcconfig; name = "Pods-CuritiBusTests.release.xcconfig"; path = "Pods/Target Support Files/Pods-CuritiBusTests/Pods-CuritiBusTests.release.xcconfig"; sourceTree = "<group>"; };
/* End PBXFileReference section */

/* Begin PBXFrameworksBuildPhase section */
		3F152B0C20115A4D0059A2B5 /* Frameworks */ = {
			isa = PBXFrameworksBuildPhase;
			buildActionMask = 2147483647;
			files = (
				F73B7A0FFFBEE24BA9F497E9 /* Pods_CuritiBus.framework in Frameworks */,
			);
			runOnlyForDeploymentPostprocessing = 0;
		};
		3F152B2020115A4D0059A2B5 /* Frameworks */ = {
			isa = PBXFrameworksBuildPhase;
			buildActionMask = 2147483647;
			files = (
				4850221E745EBF166D8429D7 /* Pods_CuritiBusTests.framework in Frameworks */,
			);
			runOnlyForDeploymentPostprocessing = 0;
		};
		3F152B2B20115A4D0059A2B5 /* Frameworks */ = {
			isa = PBXFrameworksBuildPhase;
			buildActionMask = 2147483647;
			files = (
				343C2FA53472FE0837AB18C6 /* Pods_CuritiBusUITests.framework in Frameworks */,
			);
			runOnlyForDeploymentPostprocessing = 0;
		};
/* End PBXFrameworksBuildPhase section */

/* Begin PBXGroup section */
		3F152B0620115A4C0059A2B5 = {
			isa = PBXGroup;
			children = (
				3F152B1120115A4D0059A2B5 /* CuritiBus */,
				3F152B2620115A4D0059A2B5 /* CuritiBusTests */,
				3F152B3120115A4D0059A2B5 /* CuritiBusUITests */,
				3F152B1020115A4D0059A2B5 /* Products */,
				6907BFB93B346FC664DAE466 /* Pods */,
				9F13A07470878BC36A3BEC78 /* Frameworks */,
			);
			sourceTree = "<group>";
		};
		3F152B1020115A4D0059A2B5 /* Products */ = {
			isa = PBXGroup;
			children = (
				3F152B0F20115A4D0059A2B5 /* CuritiBus.app */,
				3F152B2320115A4D0059A2B5 /* CuritiBusTests.xctest */,
				3F152B2E20115A4D0059A2B5 /* CuritiBusUITests.xctest */,
			);
			name = Products;
			sourceTree = "<group>";
		};
		3F152B1120115A4D0059A2B5 /* CuritiBus */ = {
			isa = PBXGroup;
			children = (
				3F5A34D320116ACD00FF272F /* Core */,
				3F5A34B420116ACD00FF272F /* GatewayImplementations */,
				3F5A34C820116ACD00FF272F /* Scenes */,
				3F5A34C520116ACD00FF272F /* Storyboards */,
				3F5A34B120116ACD00FF272F /* Extensions */,
				3F5A34C320116ACD00FF272F /* Images */,
				3F5A34CE20116ACD00FF272F /* Client */,
			);
			path = CuritiBus;
			sourceTree = "<group>";
		};
		3F152B2620115A4D0059A2B5 /* CuritiBusTests */ = {
			isa = PBXGroup;
			children = (
				3F152B2720115A4D0059A2B5 /* CuritiBusTests.swift */,
				3F152B2920115A4D0059A2B5 /* Info.plist */,
			);
			path = CuritiBusTests;
			sourceTree = "<group>";
		};
		3F152B3120115A4D0059A2B5 /* CuritiBusUITests */ = {
			isa = PBXGroup;
			children = (
				3F152B3220115A4D0059A2B5 /* CuritiBusUITests.swift */,
				3F152B3420115A4D0059A2B5 /* Info.plist */,
			);
			path = CuritiBusUITests;
			sourceTree = "<group>";
		};
		3F5A34B120116ACD00FF272F /* Extensions */ = {
			isa = PBXGroup;
			children = (
				3F5A34B220116ACD00FF272F /* Codability.swift */,
				3F5A34B320116ACD00FF272F /* LocalizedString.swift */,
			);
			path = Extensions;
			sourceTree = "<group>";
		};
		3F5A34B420116ACD00FF272F /* GatewayImplementations */ = {
			isa = PBXGroup;
			children = (
				3F5A34B520116ACD00FF272F /* UserDefaults */,
				3F5A34B720116ACD00FF272F /* API */,
			);
			path = GatewayImplementations;
			sourceTree = "<group>";
		};
		3F5A34B520116ACD00FF272F /* UserDefaults */ = {
			isa = PBXGroup;
			children = (
			);
			path = UserDefaults;
			sourceTree = "<group>";
		};
		3F5A34B720116ACD00FF272F /* API */ = {
			isa = PBXGroup;
			children = (
				3F5A34BC20116ACD00FF272F /* APIClient */,
				3F5A34B820116ACD00FF272F /* Endpoints */,
				3F5A34C120116ACD00FF272F /* Entities */,
				3F5A34BF20116ACD00FF272F /* Gateways */,
			);
			path = API;
			sourceTree = "<group>";
		};
		3F5A34B820116ACD00FF272F /* Endpoints */ = {
			isa = PBXGroup;
			children = (
				3F5A34BB20116ACD00FF272F /* APIEndpoint.swift */,
				3F5A34B920116ACD00FF272F /* ListLinesEndpoint.swift */,
			);
			path = Endpoints;
			sourceTree = "<group>";
		};
		3F5A34BC20116ACD00FF272F /* APIClient */ = {
			isa = PBXGroup;
			children = (
				3F5A34BD20116ACD00FF272F /* APIClient.swift */,
				3F5A34BE20116ACD00FF272F /* Errors.swift */,
			);
			path = APIClient;
			sourceTree = "<group>";
		};
		3F5A34BF20116ACD00FF272F /* Gateways */ = {
			isa = PBXGroup;
			children = (
				3F5A34C020116ACD00FF272F /* APILinesGateway.swift */,
			);
			path = Gateways;
			sourceTree = "<group>";
		};
		3F5A34C120116ACD00FF272F /* Entities */ = {
			isa = PBXGroup;
			children = (
				3F5A34C220116ACD00FF272F /* APIResult.swift */,
			);
			path = Entities;
			sourceTree = "<group>";
		};
		3F5A34C320116ACD00FF272F /* Images */ = {
			isa = PBXGroup;
			children = (
				3F5A34C420116ACD00FF272F /* Assets.xcassets */,
			);
			path = Images;
			sourceTree = "<group>";
		};
		3F5A34C520116ACD00FF272F /* Storyboards */ = {
			isa = PBXGroup;
			children = (
				3F5A34C620116ACD00FF272F /* LaunchScreen.storyboard */,
				3F5A34C720116ACD00FF272F /* Main.storyboard */,
			);
			path = Storyboards;
			sourceTree = "<group>";
		};
		3F5A34C820116ACD00FF272F /* Scenes */ = {
			isa = PBXGroup;
			children = (
				3F5A34C920116ACD00FF272F /* Initial */,
			);
			path = Scenes;
			sourceTree = "<group>";
		};
		3F5A34C920116ACD00FF272F /* Initial */ = {
			isa = PBXGroup;
			children = (
				3F5A34CA20116ACD00FF272F /* InitialViewController.swift */,
				3F5A34CB20116ACD00FF272F /* InitialViewRouter.swift */,
				3F5A34CC20116ACD00FF272F /* InitialPresenter.swift */,
				3F5A34CD20116ACD00FF272F /* InitialConfigurator.swift */,
			);
			path = Initial;
			sourceTree = "<group>";
		};
		3F5A34CE20116ACD00FF272F /* Client */ = {
			isa = PBXGroup;
			children = (
				3F5A34CF20116ACD00FF272F /* Localizable.strings */,
				3F5A34D120116ACD00FF272F /* AppDelegate.swift */,
				3F5A34D220116ACD00FF272F /* Info.plist */,
			);
			path = Client;
			sourceTree = "<group>";
		};
		3F5A34D320116ACD00FF272F /* Core */ = {
			isa = PBXGroup;
			children = (
				3F5A34D420116ACD00FF272F /* Gateways */,
				3F5A34D720116ACD00FF272F /* UseCases */,
				3F5A34DB20116ACD00FF272F /* Entities */,
			);
			path = Core;
			sourceTree = "<group>";
		};
		3F5A34D420116ACD00FF272F /* Gateways */ = {
			isa = PBXGroup;
			children = (
				3F5A34D620116ACD00FF272F /* LinesGateway.swift */,
			);
			path = Gateways;
			sourceTree = "<group>";
		};
		3F5A34D720116ACD00FF272F /* UseCases */ = {
			isa = PBXGroup;
			children = (
				3F5A34D820116ACD00FF272F /* ListLinesUseCase.swift */,
			);
			path = UseCases;
			sourceTree = "<group>";
		};
		3F5A34DB20116ACD00FF272F /* Entities */ = {
			isa = PBXGroup;
			children = (
				3F5A34DC20116ACD00FF272F /* Result.swift */,
			);
			path = Entities;
			sourceTree = "<group>";
		};
		6907BFB93B346FC664DAE466 /* Pods */ = {
			isa = PBXGroup;
			children = (
				5207498BC32B7DB0512A377B /* Pods-CuritiBus.debug.xcconfig */,
				25F95404E6984DD72E5F8D17 /* Pods-CuritiBus.release.xcconfig */,
				74DCF18AA69B32AE073090E7 /* Pods-CuritiBusTests.debug.xcconfig */,
				EA4112E5C17B0EB308D73C8A /* Pods-CuritiBusTests.release.xcconfig */,
				CD1387A390D4B0DB842A4ACD /* Pods-CuritiBusUITests.debug.xcconfig */,
				CE6F3711FD3306CAA7D6C5AB /* Pods-CuritiBusUITests.release.xcconfig */,
			);
			name = Pods;
			sourceTree = "<group>";
		};
		9F13A07470878BC36A3BEC78 /* Frameworks */ = {
			isa = PBXGroup;
			children = (
				6DCCD4EE1A9251D95144ABCE /* Pods_CuritiBus.framework */,
				6FD0D9683455D8062FA99D74 /* Pods_CuritiBusTests.framework */,
				5EE080F134E717659A30F54E /* Pods_CuritiBusUITests.framework */,
			);
			name = Frameworks;
			sourceTree = "<group>";
		};
/* End PBXGroup section */

/* Begin PBXNativeTarget section */
		3F152B0E20115A4D0059A2B5 /* CuritiBus */ = {
			isa = PBXNativeTarget;
			buildConfigurationList = 3F152B3720115A4D0059A2B5 /* Build configuration list for PBXNativeTarget "CuritiBus" */;
			buildPhases = (
				BDD0C453AF3309A92A99B6B9 /* [CP] Check Pods Manifest.lock */,
				3F152B0B20115A4D0059A2B5 /* Sources */,
				3F152B0C20115A4D0059A2B5 /* Frameworks */,
				3F152B0D20115A4D0059A2B5 /* Resources */,
				1B9CC7EA75190EF550D2C5B5 /* [CP] Embed Pods Frameworks */,
				EE5F9C2EFBE0733581CC0000 /* [CP] Copy Pods Resources */,
				3F5A34FB20116C9400FF272F /* SwiftLint */,
			);
			buildRules = (
			);
			dependencies = (
			);
			name = CuritiBus;
			productName = CuritiBus;
			productReference = 3F152B0F20115A4D0059A2B5 /* CuritiBus.app */;
			productType = "com.apple.product-type.application";
		};
		3F152B2220115A4D0059A2B5 /* CuritiBusTests */ = {
			isa = PBXNativeTarget;
			buildConfigurationList = 3F152B3A20115A4D0059A2B5 /* Build configuration list for PBXNativeTarget "CuritiBusTests" */;
			buildPhases = (
				31D01385C73FFF4016F0CF4D /* [CP] Check Pods Manifest.lock */,
				3F152B1F20115A4D0059A2B5 /* Sources */,
				3F152B2020115A4D0059A2B5 /* Frameworks */,
				3F152B2120115A4D0059A2B5 /* Resources */,
				38DD5BC1E58A91816E3BED0C /* [CP] Embed Pods Frameworks */,
				4700F5E7E99B167E612B84B2 /* [CP] Copy Pods Resources */,
			);
			buildRules = (
			);
			dependencies = (
				3F152B2520115A4D0059A2B5 /* PBXTargetDependency */,
			);
			name = CuritiBusTests;
			productName = CuritiBusTests;
			productReference = 3F152B2320115A4D0059A2B5 /* CuritiBusTests.xctest */;
			productType = "com.apple.product-type.bundle.unit-test";
		};
		3F152B2D20115A4D0059A2B5 /* CuritiBusUITests */ = {
			isa = PBXNativeTarget;
			buildConfigurationList = 3F152B3D20115A4D0059A2B5 /* Build configuration list for PBXNativeTarget "CuritiBusUITests" */;
			buildPhases = (
				CC23B7704ACEA8CCF3E57F59 /* [CP] Check Pods Manifest.lock */,
				3F152B2A20115A4D0059A2B5 /* Sources */,
				3F152B2B20115A4D0059A2B5 /* Frameworks */,
				3F152B2C20115A4D0059A2B5 /* Resources */,
				CDB3AA6F5E2D5EE56106FADF /* [CP] Embed Pods Frameworks */,
				FF97C5FAAC4CDBD0C8D5653A /* [CP] Copy Pods Resources */,
			);
			buildRules = (
			);
			dependencies = (
				3F152B3020115A4D0059A2B5 /* PBXTargetDependency */,
			);
			name = CuritiBusUITests;
			productName = CuritiBusUITests;
			productReference = 3F152B2E20115A4D0059A2B5 /* CuritiBusUITests.xctest */;
			productType = "com.apple.product-type.bundle.ui-testing";
		};
/* End PBXNativeTarget section */

/* Begin PBXProject section */
		3F152B0720115A4C0059A2B5 /* Project object */ = {
			isa = PBXProject;
			attributes = {
				LastSwiftUpdateCheck = 0920;
				LastUpgradeCheck = 0920;
				ORGANIZATIONNAME = "Diego Trevisan Lara";
				TargetAttributes = {
					3F152B0E20115A4D0059A2B5 = {
						CreatedOnToolsVersion = 9.2;
						ProvisioningStyle = Automatic;
					};
					3F152B2220115A4D0059A2B5 = {
						CreatedOnToolsVersion = 9.2;
						ProvisioningStyle = Automatic;
						TestTargetID = 3F152B0E20115A4D0059A2B5;
					};
					3F152B2D20115A4D0059A2B5 = {
						CreatedOnToolsVersion = 9.2;
						ProvisioningStyle = Automatic;
						TestTargetID = 3F152B0E20115A4D0059A2B5;
					};
				};
			};
			buildConfigurationList = 3F152B0A20115A4C0059A2B5 /* Build configuration list for PBXProject "CuritiBus" */;
			compatibilityVersion = "Xcode 8.0";
			developmentRegion = en;
			hasScannedForEncodings = 0;
			knownRegions = (
				en,
				Base,
				"pt-BR",
			);
			mainGroup = 3F152B0620115A4C0059A2B5;
			productRefGroup = 3F152B1020115A4D0059A2B5 /* Products */;
			projectDirPath = "";
			projectRoot = "";
			targets = (
				3F152B0E20115A4D0059A2B5 /* CuritiBus */,
				3F152B2220115A4D0059A2B5 /* CuritiBusTests */,
				3F152B2D20115A4D0059A2B5 /* CuritiBusUITests */,
			);
		};
/* End PBXProject section */

/* Begin PBXResourcesBuildPhase section */
		3F152B0D20115A4D0059A2B5 /* Resources */ = {
			isa = PBXResourcesBuildPhase;
			buildActionMask = 2147483647;
			files = (
				3F5A34EB20116ACD00FF272F /* Main.storyboard in Resources */,
				3F5A34F020116ACD00FF272F /* Localizable.strings in Resources */,
				3F5A34E920116ACD00FF272F /* Assets.xcassets in Resources */,
				3F5A34EA20116ACD00FF272F /* LaunchScreen.storyboard in Resources */,
			);
			runOnlyForDeploymentPostprocessing = 0;
		};
		3F152B2120115A4D0059A2B5 /* Resources */ = {
			isa = PBXResourcesBuildPhase;
			buildActionMask = 2147483647;
			files = (
			);
			runOnlyForDeploymentPostprocessing = 0;
		};
		3F152B2C20115A4D0059A2B5 /* Resources */ = {
			isa = PBXResourcesBuildPhase;
			buildActionMask = 2147483647;
			files = (
			);
			runOnlyForDeploymentPostprocessing = 0;
		};
/* End PBXResourcesBuildPhase section */

/* Begin PBXShellScriptBuildPhase section */
		1B9CC7EA75190EF550D2C5B5 /* [CP] Embed Pods Frameworks */ = {
			isa = PBXShellScriptBuildPhase;
			buildActionMask = 2147483647;
			files = (
			);
			inputPaths = (
				"${SRCROOT}/Pods/Target Support Files/Pods-CuritiBus/Pods-CuritiBus-frameworks.sh",
				"${BUILT_PRODUCTS_DIR}/Alamofire/Alamofire.framework",
				"${BUILT_PRODUCTS_DIR}/CodableAlamofire/CodableAlamofire.framework",
			);
			name = "[CP] Embed Pods Frameworks";
			outputPaths = (
				"${TARGET_BUILD_DIR}/${FRAMEWORKS_FOLDER_PATH}/Alamofire.framework",
				"${TARGET_BUILD_DIR}/${FRAMEWORKS_FOLDER_PATH}/CodableAlamofire.framework",
			);
			runOnlyForDeploymentPostprocessing = 0;
			shellPath = /bin/sh;
			shellScript = "\"${SRCROOT}/Pods/Target Support Files/Pods-CuritiBus/Pods-CuritiBus-frameworks.sh\"\n";
			showEnvVarsInLog = 0;
		};
		31D01385C73FFF4016F0CF4D /* [CP] Check Pods Manifest.lock */ = {
			isa = PBXShellScriptBuildPhase;
			buildActionMask = 2147483647;
			files = (
			);
			inputPaths = (
				"${PODS_PODFILE_DIR_PATH}/Podfile.lock",
				"${PODS_ROOT}/Manifest.lock",
			);
			name = "[CP] Check Pods Manifest.lock";
			outputPaths = (
				"$(DERIVED_FILE_DIR)/Pods-CuritiBusTests-checkManifestLockResult.txt",
			);
			runOnlyForDeploymentPostprocessing = 0;
			shellPath = /bin/sh;
			shellScript = "diff \"${PODS_PODFILE_DIR_PATH}/Podfile.lock\" \"${PODS_ROOT}/Manifest.lock\" > /dev/null\nif [ $? != 0 ] ; then\n    # print error to STDERR\n    echo \"error: The sandbox is not in sync with the Podfile.lock. Run 'pod install' or update your CocoaPods installation.\" >&2\n    exit 1\nfi\n# This output is used by Xcode 'outputs' to avoid re-running this script phase.\necho \"SUCCESS\" > \"${SCRIPT_OUTPUT_FILE_0}\"\n";
			showEnvVarsInLog = 0;
		};
		38DD5BC1E58A91816E3BED0C /* [CP] Embed Pods Frameworks */ = {
			isa = PBXShellScriptBuildPhase;
			buildActionMask = 2147483647;
			files = (
			);
			inputPaths = (
			);
			name = "[CP] Embed Pods Frameworks";
			outputPaths = (
			);
			runOnlyForDeploymentPostprocessing = 0;
			shellPath = /bin/sh;
			shellScript = "\"${SRCROOT}/Pods/Target Support Files/Pods-CuritiBusTests/Pods-CuritiBusTests-frameworks.sh\"\n";
			showEnvVarsInLog = 0;
		};
		3F5A34FB20116C9400FF272F /* SwiftLint */ = {
			isa = PBXShellScriptBuildPhase;
			buildActionMask = 2147483647;
			files = (
			);
			inputPaths = (
			);
			name = SwiftLint;
			outputPaths = (
			);
			runOnlyForDeploymentPostprocessing = 0;
			shellPath = /bin/sh;
			shellScript = "if which swiftlint >/dev/null; then\nswiftlint\nelse\necho \"warning: SwiftLint not installed, download from https://github.com/realm/SwiftLint\"\nfi";
		};
		4700F5E7E99B167E612B84B2 /* [CP] Copy Pods Resources */ = {
			isa = PBXShellScriptBuildPhase;
			buildActionMask = 2147483647;
			files = (
			);
			inputPaths = (
			);
			name = "[CP] Copy Pods Resources";
			outputPaths = (
			);
			runOnlyForDeploymentPostprocessing = 0;
			shellPath = /bin/sh;
			shellScript = "\"${SRCROOT}/Pods/Target Support Files/Pods-CuritiBusTests/Pods-CuritiBusTests-resources.sh\"\n";
			showEnvVarsInLog = 0;
		};
		BDD0C453AF3309A92A99B6B9 /* [CP] Check Pods Manifest.lock */ = {
			isa = PBXShellScriptBuildPhase;
			buildActionMask = 2147483647;
			files = (
			);
			inputPaths = (
				"${PODS_PODFILE_DIR_PATH}/Podfile.lock",
				"${PODS_ROOT}/Manifest.lock",
			);
			name = "[CP] Check Pods Manifest.lock";
			outputPaths = (
				"$(DERIVED_FILE_DIR)/Pods-CuritiBus-checkManifestLockResult.txt",
			);
			runOnlyForDeploymentPostprocessing = 0;
			shellPath = /bin/sh;
			shellScript = "diff \"${PODS_PODFILE_DIR_PATH}/Podfile.lock\" \"${PODS_ROOT}/Manifest.lock\" > /dev/null\nif [ $? != 0 ] ; then\n    # print error to STDERR\n    echo \"error: The sandbox is not in sync with the Podfile.lock. Run 'pod install' or update your CocoaPods installation.\" >&2\n    exit 1\nfi\n# This output is used by Xcode 'outputs' to avoid re-running this script phase.\necho \"SUCCESS\" > \"${SCRIPT_OUTPUT_FILE_0}\"\n";
			showEnvVarsInLog = 0;
		};
		CC23B7704ACEA8CCF3E57F59 /* [CP] Check Pods Manifest.lock */ = {
			isa = PBXShellScriptBuildPhase;
			buildActionMask = 2147483647;
			files = (
			);
			inputPaths = (
				"${PODS_PODFILE_DIR_PATH}/Podfile.lock",
				"${PODS_ROOT}/Manifest.lock",
			);
			name = "[CP] Check Pods Manifest.lock";
			outputPaths = (
				"$(DERIVED_FILE_DIR)/Pods-CuritiBusUITests-checkManifestLockResult.txt",
			);
			runOnlyForDeploymentPostprocessing = 0;
			shellPath = /bin/sh;
			shellScript = "diff \"${PODS_PODFILE_DIR_PATH}/Podfile.lock\" \"${PODS_ROOT}/Manifest.lock\" > /dev/null\nif [ $? != 0 ] ; then\n    # print error to STDERR\n    echo \"error: The sandbox is not in sync with the Podfile.lock. Run 'pod install' or update your CocoaPods installation.\" >&2\n    exit 1\nfi\n# This output is used by Xcode 'outputs' to avoid re-running this script phase.\necho \"SUCCESS\" > \"${SCRIPT_OUTPUT_FILE_0}\"\n";
			showEnvVarsInLog = 0;
		};
		CDB3AA6F5E2D5EE56106FADF /* [CP] Embed Pods Frameworks */ = {
			isa = PBXShellScriptBuildPhase;
			buildActionMask = 2147483647;
			files = (
			);
			inputPaths = (
			);
			name = "[CP] Embed Pods Frameworks";
			outputPaths = (
			);
			runOnlyForDeploymentPostprocessing = 0;
			shellPath = /bin/sh;
			shellScript = "\"${SRCROOT}/Pods/Target Support Files/Pods-CuritiBusUITests/Pods-CuritiBusUITests-frameworks.sh\"\n";
			showEnvVarsInLog = 0;
		};
		EE5F9C2EFBE0733581CC0000 /* [CP] Copy Pods Resources */ = {
			isa = PBXShellScriptBuildPhase;
			buildActionMask = 2147483647;
			files = (
			);
			inputPaths = (
			);
			name = "[CP] Copy Pods Resources";
			outputPaths = (
			);
			runOnlyForDeploymentPostprocessing = 0;
			shellPath = /bin/sh;
			shellScript = "\"${SRCROOT}/Pods/Target Support Files/Pods-CuritiBus/Pods-CuritiBus-resources.sh\"\n";
			showEnvVarsInLog = 0;
		};
		FF97C5FAAC4CDBD0C8D5653A /* [CP] Copy Pods Resources */ = {
			isa = PBXShellScriptBuildPhase;
			buildActionMask = 2147483647;
			files = (
			);
			inputPaths = (
			);
			name = "[CP] Copy Pods Resources";
			outputPaths = (
			);
			runOnlyForDeploymentPostprocessing = 0;
			shellPath = /bin/sh;
			shellScript = "\"${SRCROOT}/Pods/Target Support Files/Pods-CuritiBusUITests/Pods-CuritiBusUITests-resources.sh\"\n";
			showEnvVarsInLog = 0;
		};
/* End PBXShellScriptBuildPhase section */

/* Begin PBXSourcesBuildPhase section */
		3F152B0B20115A4D0059A2B5 /* Sources */ = {
			isa = PBXSourcesBuildPhase;
			buildActionMask = 2147483647;
			files = (
				3F5A34F520116ACD00FF272F /* ListLinesUseCase.swift in Sources */,
				3F5A34E220116ACD00FF272F /* ListLinesEndpoint.swift in Sources */,
				3F5A34E820116ACD00FF272F /* APIResult.swift in Sources */,
				3F5A34EC20116ACD00FF272F /* InitialViewController.swift in Sources */,
				3F5A34F120116ACD00FF272F /* AppDelegate.swift in Sources */,
				3F5A34EE20116ACD00FF272F /* InitialPresenter.swift in Sources */,
				3F5A34E520116ACD00FF272F /* APIClient.swift in Sources */,
				3F5A34ED20116ACD00FF272F /* InitialViewRouter.swift in Sources */,
				3F5A34E420116ACD00FF272F /* APIEndpoint.swift in Sources */,
				3F5A34EF20116ACD00FF272F /* InitialConfigurator.swift in Sources */,
				3F5A34E020116ACD00FF272F /* LocalizedString.swift in Sources */,
				3F5A34E620116ACD00FF272F /* Errors.swift in Sources */,
				3F5A34DF20116ACD00FF272F /* Codability.swift in Sources */,
				3F5A34E720116ACD00FF272F /* APILinesGateway.swift in Sources */,
				3F5A34F420116ACD00FF272F /* LinesGateway.swift in Sources */,
				3F5A34F820116ACD00FF272F /* Result.swift in Sources */,
			);
			runOnlyForDeploymentPostprocessing = 0;
		};
		3F152B1F20115A4D0059A2B5 /* Sources */ = {
			isa = PBXSourcesBuildPhase;
			buildActionMask = 2147483647;
			files = (
				3F152B2820115A4D0059A2B5 /* CuritiBusTests.swift in Sources */,
			);
			runOnlyForDeploymentPostprocessing = 0;
		};
		3F152B2A20115A4D0059A2B5 /* Sources */ = {
			isa = PBXSourcesBuildPhase;
			buildActionMask = 2147483647;
			files = (
				3F152B3320115A4D0059A2B5 /* CuritiBusUITests.swift in Sources */,
			);
			runOnlyForDeploymentPostprocessing = 0;
		};
/* End PBXSourcesBuildPhase section */

/* Begin PBXTargetDependency section */
		3F152B2520115A4D0059A2B5 /* PBXTargetDependency */ = {
			isa = PBXTargetDependency;
			target = 3F152B0E20115A4D0059A2B5 /* CuritiBus */;
			targetProxy = 3F152B2420115A4D0059A2B5 /* PBXContainerItemProxy */;
		};
		3F152B3020115A4D0059A2B5 /* PBXTargetDependency */ = {
			isa = PBXTargetDependency;
			target = 3F152B0E20115A4D0059A2B5 /* CuritiBus */;
			targetProxy = 3F152B2F20115A4D0059A2B5 /* PBXContainerItemProxy */;
		};
/* End PBXTargetDependency section */

/* Begin PBXVariantGroup section */
		3F5A34CF20116ACD00FF272F /* Localizable.strings */ = {
			isa = PBXVariantGroup;
			children = (
				3F5A34D020116ACD00FF272F /* pt-BR */,
			);
			name = Localizable.strings;
			sourceTree = "<group>";
		};
/* End PBXVariantGroup section */

/* Begin XCBuildConfiguration section */
		3F152B3520115A4D0059A2B5 /* Debug */ = {
			isa = XCBuildConfiguration;
			buildSettings = {
				ALWAYS_SEARCH_USER_PATHS = NO;
				CLANG_ANALYZER_NONNULL = YES;
				CLANG_ANALYZER_NUMBER_OBJECT_CONVERSION = YES_AGGRESSIVE;
				CLANG_CXX_LANGUAGE_STANDARD = "gnu++14";
				CLANG_CXX_LIBRARY = "libc++";
				CLANG_ENABLE_MODULES = YES;
				CLANG_ENABLE_OBJC_ARC = YES;
				CLANG_WARN_BLOCK_CAPTURE_AUTORELEASING = YES;
				CLANG_WARN_BOOL_CONVERSION = YES;
				CLANG_WARN_COMMA = YES;
				CLANG_WARN_CONSTANT_CONVERSION = YES;
				CLANG_WARN_DIRECT_OBJC_ISA_USAGE = YES_ERROR;
				CLANG_WARN_DOCUMENTATION_COMMENTS = YES;
				CLANG_WARN_EMPTY_BODY = YES;
				CLANG_WARN_ENUM_CONVERSION = YES;
				CLANG_WARN_INFINITE_RECURSION = YES;
				CLANG_WARN_INT_CONVERSION = YES;
				CLANG_WARN_NON_LITERAL_NULL_CONVERSION = YES;
				CLANG_WARN_OBJC_LITERAL_CONVERSION = YES;
				CLANG_WARN_OBJC_ROOT_CLASS = YES_ERROR;
				CLANG_WARN_RANGE_LOOP_ANALYSIS = YES;
				CLANG_WARN_STRICT_PROTOTYPES = YES;
				CLANG_WARN_SUSPICIOUS_MOVE = YES;
				CLANG_WARN_UNGUARDED_AVAILABILITY = YES_AGGRESSIVE;
				CLANG_WARN_UNREACHABLE_CODE = YES;
				CLANG_WARN__DUPLICATE_METHOD_MATCH = YES;
				CODE_SIGN_IDENTITY = "iPhone Developer";
				COPY_PHASE_STRIP = NO;
				DEBUG_INFORMATION_FORMAT = dwarf;
				ENABLE_STRICT_OBJC_MSGSEND = YES;
				ENABLE_TESTABILITY = YES;
				GCC_C_LANGUAGE_STANDARD = gnu11;
				GCC_DYNAMIC_NO_PIC = NO;
				GCC_NO_COMMON_BLOCKS = YES;
				GCC_OPTIMIZATION_LEVEL = 0;
				GCC_PREPROCESSOR_DEFINITIONS = (
					"DEBUG=1",
					"$(inherited)",
				);
				GCC_WARN_64_TO_32_BIT_CONVERSION = YES;
				GCC_WARN_ABOUT_RETURN_TYPE = YES_ERROR;
				GCC_WARN_UNDECLARED_SELECTOR = YES;
				GCC_WARN_UNINITIALIZED_AUTOS = YES_AGGRESSIVE;
				GCC_WARN_UNUSED_FUNCTION = YES;
				GCC_WARN_UNUSED_VARIABLE = YES;
				IPHONEOS_DEPLOYMENT_TARGET = 11.2;
				MTL_ENABLE_DEBUG_INFO = YES;
				ONLY_ACTIVE_ARCH = YES;
				SDKROOT = iphoneos;
				SWIFT_ACTIVE_COMPILATION_CONDITIONS = DEBUG;
				SWIFT_OPTIMIZATION_LEVEL = "-Onone";
			};
			name = Debug;
		};
		3F152B3620115A4D0059A2B5 /* Release */ = {
			isa = XCBuildConfiguration;
			buildSettings = {
				ALWAYS_SEARCH_USER_PATHS = NO;
				CLANG_ANALYZER_NONNULL = YES;
				CLANG_ANALYZER_NUMBER_OBJECT_CONVERSION = YES_AGGRESSIVE;
				CLANG_CXX_LANGUAGE_STANDARD = "gnu++14";
				CLANG_CXX_LIBRARY = "libc++";
				CLANG_ENABLE_MODULES = YES;
				CLANG_ENABLE_OBJC_ARC = YES;
				CLANG_WARN_BLOCK_CAPTURE_AUTORELEASING = YES;
				CLANG_WARN_BOOL_CONVERSION = YES;
				CLANG_WARN_COMMA = YES;
				CLANG_WARN_CONSTANT_CONVERSION = YES;
				CLANG_WARN_DIRECT_OBJC_ISA_USAGE = YES_ERROR;
				CLANG_WARN_DOCUMENTATION_COMMENTS = YES;
				CLANG_WARN_EMPTY_BODY = YES;
				CLANG_WARN_ENUM_CONVERSION = YES;
				CLANG_WARN_INFINITE_RECURSION = YES;
				CLANG_WARN_INT_CONVERSION = YES;
				CLANG_WARN_NON_LITERAL_NULL_CONVERSION = YES;
				CLANG_WARN_OBJC_LITERAL_CONVERSION = YES;
				CLANG_WARN_OBJC_ROOT_CLASS = YES_ERROR;
				CLANG_WARN_RANGE_LOOP_ANALYSIS = YES;
				CLANG_WARN_STRICT_PROTOTYPES = YES;
				CLANG_WARN_SUSPICIOUS_MOVE = YES;
				CLANG_WARN_UNGUARDED_AVAILABILITY = YES_AGGRESSIVE;
				CLANG_WARN_UNREACHABLE_CODE = YES;
				CLANG_WARN__DUPLICATE_METHOD_MATCH = YES;
				CODE_SIGN_IDENTITY = "iPhone Developer";
				COPY_PHASE_STRIP = NO;
				DEBUG_INFORMATION_FORMAT = "dwarf-with-dsym";
				ENABLE_NS_ASSERTIONS = NO;
				ENABLE_STRICT_OBJC_MSGSEND = YES;
				GCC_C_LANGUAGE_STANDARD = gnu11;
				GCC_NO_COMMON_BLOCKS = YES;
				GCC_WARN_64_TO_32_BIT_CONVERSION = YES;
				GCC_WARN_ABOUT_RETURN_TYPE = YES_ERROR;
				GCC_WARN_UNDECLARED_SELECTOR = YES;
				GCC_WARN_UNINITIALIZED_AUTOS = YES_AGGRESSIVE;
				GCC_WARN_UNUSED_FUNCTION = YES;
				GCC_WARN_UNUSED_VARIABLE = YES;
				IPHONEOS_DEPLOYMENT_TARGET = 11.2;
				MTL_ENABLE_DEBUG_INFO = NO;
				SDKROOT = iphoneos;
				SWIFT_OPTIMIZATION_LEVEL = "-Owholemodule";
				VALIDATE_PRODUCT = YES;
			};
			name = Release;
		};
		3F152B3820115A4D0059A2B5 /* Debug */ = {
			isa = XCBuildConfiguration;
			baseConfigurationReference = 5207498BC32B7DB0512A377B /* Pods-CuritiBus.debug.xcconfig */;
			buildSettings = {
				ASSETCATALOG_COMPILER_APPICON_NAME = AppIcon;
				CODE_SIGN_STYLE = Automatic;
				DEVELOPMENT_TEAM = D97MJ3844Q;
				INFOPLIST_FILE = CuritiBus/Client/Info.plist;
				LD_RUNPATH_SEARCH_PATHS = "$(inherited) @executable_path/Frameworks";
				PRODUCT_BUNDLE_IDENTIFIER = com.4loop.BusaoCuritiba;
				PRODUCT_NAME = "$(TARGET_NAME)";
				SWIFT_VERSION = 4.0;
				TARGETED_DEVICE_FAMILY = "1,2";
			};
			name = Debug;
		};
		3F152B3920115A4D0059A2B5 /* Release */ = {
			isa = XCBuildConfiguration;
			baseConfigurationReference = 25F95404E6984DD72E5F8D17 /* Pods-CuritiBus.release.xcconfig */;
			buildSettings = {
				ASSETCATALOG_COMPILER_APPICON_NAME = AppIcon;
				CODE_SIGN_STYLE = Automatic;
				DEVELOPMENT_TEAM = D97MJ3844Q;
				INFOPLIST_FILE = CuritiBus/Client/Info.plist;
				LD_RUNPATH_SEARCH_PATHS = "$(inherited) @executable_path/Frameworks";
				PRODUCT_BUNDLE_IDENTIFIER = com.4loop.BusaoCuritiba;
				PRODUCT_NAME = "$(TARGET_NAME)";
				SWIFT_VERSION = 4.0;
				TARGETED_DEVICE_FAMILY = "1,2";
			};
			name = Release;
		};
		3F152B3B20115A4D0059A2B5 /* Debug */ = {
			isa = XCBuildConfiguration;
			baseConfigurationReference = 74DCF18AA69B32AE073090E7 /* Pods-CuritiBusTests.debug.xcconfig */;
			buildSettings = {
				ALWAYS_EMBED_SWIFT_STANDARD_LIBRARIES = YES;
				BUNDLE_LOADER = "$(TEST_HOST)";
				CODE_SIGN_STYLE = Automatic;
				DEVELOPMENT_TEAM = D97MJ3844Q;
				INFOPLIST_FILE = CuritiBusTests/Info.plist;
				LD_RUNPATH_SEARCH_PATHS = "$(inherited) @executable_path/Frameworks @loader_path/Frameworks";
				PRODUCT_BUNDLE_IDENTIFIER = com.4loop.BusaoCuritiba.CuritiBusTests;
				PRODUCT_NAME = "$(TARGET_NAME)";
				SWIFT_VERSION = 4.0;
				TARGETED_DEVICE_FAMILY = "1,2";
				TEST_HOST = "$(BUILT_PRODUCTS_DIR)/CuritiBus.app/CuritiBus";
			};
			name = Debug;
		};
		3F152B3C20115A4D0059A2B5 /* Release */ = {
			isa = XCBuildConfiguration;
			baseConfigurationReference = EA4112E5C17B0EB308D73C8A /* Pods-CuritiBusTests.release.xcconfig */;
			buildSettings = {
				ALWAYS_EMBED_SWIFT_STANDARD_LIBRARIES = YES;
				BUNDLE_LOADER = "$(TEST_HOST)";
				CODE_SIGN_STYLE = Automatic;
				DEVELOPMENT_TEAM = D97MJ3844Q;
				INFOPLIST_FILE = CuritiBusTests/Info.plist;
				LD_RUNPATH_SEARCH_PATHS = "$(inherited) @executable_path/Frameworks @loader_path/Frameworks";
				PRODUCT_BUNDLE_IDENTIFIER = com.4loop.BusaoCuritiba.CuritiBusTests;
				PRODUCT_NAME = "$(TARGET_NAME)";
				SWIFT_VERSION = 4.0;
				TARGETED_DEVICE_FAMILY = "1,2";
				TEST_HOST = "$(BUILT_PRODUCTS_DIR)/CuritiBus.app/CuritiBus";
			};
			name = Release;
		};
		3F152B3E20115A4D0059A2B5 /* Debug */ = {
			isa = XCBuildConfiguration;
			baseConfigurationReference = CD1387A390D4B0DB842A4ACD /* Pods-CuritiBusUITests.debug.xcconfig */;
			buildSettings = {
				ALWAYS_EMBED_SWIFT_STANDARD_LIBRARIES = YES;
				CODE_SIGN_STYLE = Automatic;
				DEVELOPMENT_TEAM = D97MJ3844Q;
				INFOPLIST_FILE = CuritiBusUITests/Info.plist;
				LD_RUNPATH_SEARCH_PATHS = "$(inherited) @executable_path/Frameworks @loader_path/Frameworks";
				PRODUCT_BUNDLE_IDENTIFIER = com.4loop.BusaoCuritiba.CuritiBusUITests;
				PRODUCT_NAME = "$(TARGET_NAME)";
				SWIFT_VERSION = 4.0;
				TARGETED_DEVICE_FAMILY = "1,2";
				TEST_TARGET_NAME = CuritiBus;
			};
			name = Debug;
		};
		3F152B3F20115A4D0059A2B5 /* Release */ = {
			isa = XCBuildConfiguration;
			baseConfigurationReference = CE6F3711FD3306CAA7D6C5AB /* Pods-CuritiBusUITests.release.xcconfig */;
			buildSettings = {
				ALWAYS_EMBED_SWIFT_STANDARD_LIBRARIES = YES;
				CODE_SIGN_STYLE = Automatic;
				DEVELOPMENT_TEAM = D97MJ3844Q;
				INFOPLIST_FILE = CuritiBusUITests/Info.plist;
				LD_RUNPATH_SEARCH_PATHS = "$(inherited) @executable_path/Frameworks @loader_path/Frameworks";
				PRODUCT_BUNDLE_IDENTIFIER = com.4loop.BusaoCuritiba.CuritiBusUITests;
				PRODUCT_NAME = "$(TARGET_NAME)";
				SWIFT_VERSION = 4.0;
				TARGETED_DEVICE_FAMILY = "1,2";
				TEST_TARGET_NAME = CuritiBus;
			};
			name = Release;
		};
/* End XCBuildConfiguration section */

/* Begin XCConfigurationList section */
		3F152B0A20115A4C0059A2B5 /* Build configuration list for PBXProject "CuritiBus" */ = {
			isa = XCConfigurationList;
			buildConfigurations = (
				3F152B3520115A4D0059A2B5 /* Debug */,
				3F152B3620115A4D0059A2B5 /* Release */,
			);
			defaultConfigurationIsVisible = 0;
			defaultConfigurationName = Release;
		};
		3F152B3720115A4D0059A2B5 /* Build configuration list for PBXNativeTarget "CuritiBus" */ = {
			isa = XCConfigurationList;
			buildConfigurations = (
				3F152B3820115A4D0059A2B5 /* Debug */,
				3F152B3920115A4D0059A2B5 /* Release */,
			);
			defaultConfigurationIsVisible = 0;
			defaultConfigurationName = Release;
		};
		3F152B3A20115A4D0059A2B5 /* Build configuration list for PBXNativeTarget "CuritiBusTests" */ = {
			isa = XCConfigurationList;
			buildConfigurations = (
				3F152B3B20115A4D0059A2B5 /* Debug */,
				3F152B3C20115A4D0059A2B5 /* Release */,
			);
			defaultConfigurationIsVisible = 0;
			defaultConfigurationName = Release;
		};
		3F152B3D20115A4D0059A2B5 /* Build configuration list for PBXNativeTarget "CuritiBusUITests" */ = {
			isa = XCConfigurationList;
			buildConfigurations = (
				3F152B3E20115A4D0059A2B5 /* Debug */,
				3F152B3F20115A4D0059A2B5 /* Release */,
			);
			defaultConfigurationIsVisible = 0;
			defaultConfigurationName = Release;
		};
/* End XCConfigurationList section */
	};
	rootObject = 3F152B0720115A4C0059A2B5 /* Project object */;
}
