// !$*UTF8*$!
{
	archiveVersion = 1;
	classes = {
	};
	objectVersion = 46;
	objects = {

/* Begin PBXBuildFile section */
		3F0465BD1EEF6BC600E93110 /* DBManager.swift in Sources */ = {isa = PBXBuildFile; fileRef = 3F0465BC1EEF6BC600E93110 /* DBManager.swift */; };
		3F0465BF1EEF777500E93110 /* BaseInteractor.swift in Sources */ = {isa = PBXBuildFile; fileRef = 3F0465BE1EEF777500E93110 /* BaseInteractor.swift */; };
		3F0964711EAE296D00D658A1 /* UrbsAuth.swift in Sources */ = {isa = PBXBuildFile; fileRef = 3F0964701EAE296D00D658A1 /* UrbsAuth.swift */; };
		3F3419671EEDF43200412D1E /* HomeViewController.swift in Sources */ = {isa = PBXBuildFile; fileRef = 3F3419661EEDF43200412D1E /* HomeViewController.swift */; };
		3F3419691EEDF5E600412D1E /* IRegisterView.swift in Sources */ = {isa = PBXBuildFile; fileRef = 3F3419681EEDF5E600412D1E /* IRegisterView.swift */; };
		3F34196B1EEDF5F100412D1E /* IRegisterPresenter.swift in Sources */ = {isa = PBXBuildFile; fileRef = 3F34196A1EEDF5F100412D1E /* IRegisterPresenter.swift */; };
		3F34196D1EEDF5FB00412D1E /* RegisterPresenter.swift in Sources */ = {isa = PBXBuildFile; fileRef = 3F34196C1EEDF5FB00412D1E /* RegisterPresenter.swift */; };
		3F3419701EEDF9B300412D1E /* IEmailView.swift in Sources */ = {isa = PBXBuildFile; fileRef = 3F34196F1EEDF9B300412D1E /* IEmailView.swift */; };
		3F3419721EEDF9BB00412D1E /* EmailViewController.swift in Sources */ = {isa = PBXBuildFile; fileRef = 3F3419711EEDF9BB00412D1E /* EmailViewController.swift */; };
		3F3419741EEDF9C300412D1E /* IEmailPresenter.swift in Sources */ = {isa = PBXBuildFile; fileRef = 3F3419731EEDF9C300412D1E /* IEmailPresenter.swift */; };
		3F3419761EEDF9D000412D1E /* EmailSignUpPresenter.swift in Sources */ = {isa = PBXBuildFile; fileRef = 3F3419751EEDF9D000412D1E /* EmailSignUpPresenter.swift */; };
		3F3419781EEDF9E500412D1E /* EmailSignInPresenter.swift in Sources */ = {isa = PBXBuildFile; fileRef = 3F3419771EEDF9E500412D1E /* EmailSignInPresenter.swift */; };
		3F3419801EEE167900412D1E /* Fonts.swift in Sources */ = {isa = PBXBuildFile; fileRef = 3F34197F1EEE167900412D1E /* Fonts.swift */; };
		3F3419841EEE17A600412D1E /* Localizable.strings in Resources */ = {isa = PBXBuildFile; fileRef = 3F3419821EEE17A600412D1E /* Localizable.strings */; };
		3F3419871EEE17BE00412D1E /* fontawesome-webfont.ttf in Resources */ = {isa = PBXBuildFile; fileRef = 3F3419861EEE17BE00412D1E /* fontawesome-webfont.ttf */; };
		3F40C1781EF0013B00AB876A /* Vehicle.swift in Sources */ = {isa = PBXBuildFile; fileRef = 3F40C1771EF0013B00AB876A /* Vehicle.swift */; };
		3F40C17B1EF004A400AB876A /* VehicleEndpoint.swift in Sources */ = {isa = PBXBuildFile; fileRef = 3F40C17A1EF004A400AB876A /* VehicleEndpoint.swift */; };
		3F40C17F1EF004C400AB876A /* VehicleInteractor.swift in Sources */ = {isa = PBXBuildFile; fileRef = 3F40C17E1EF004C400AB876A /* VehicleInteractor.swift */; };
		3F5E51711EF409CC00EA4638 /* LineSchedule.swift in Sources */ = {isa = PBXBuildFile; fileRef = 3F5E516F1EF409CC00EA4638 /* LineSchedule.swift */; };
		3F5E51721EF409CC00EA4638 /* VehicleSchedule.swift in Sources */ = {isa = PBXBuildFile; fileRef = 3F5E51701EF409CC00EA4638 /* VehicleSchedule.swift */; };
		3F754CFA1EF200C0003749A2 /* UserLinesManager.swift in Sources */ = {isa = PBXBuildFile; fileRef = 3F754CF91EF200C0003749A2 /* UserLinesManager.swift */; };
		3F754CFD1EF21536003749A2 /* UserLineCell.swift in Sources */ = {isa = PBXBuildFile; fileRef = 3F754CFC1EF21536003749A2 /* UserLineCell.swift */; };
		3F9EAC5B1EF0AC7200B88662 /* LineScheduleEndpoint.swift in Sources */ = {isa = PBXBuildFile; fileRef = 3F9EAC5A1EF0AC7200B88662 /* LineScheduleEndpoint.swift */; };
		3F9EAC5D1EF0AC7E00B88662 /* VehicleScheduleEndpoint.swift in Sources */ = {isa = PBXBuildFile; fileRef = 3F9EAC5C1EF0AC7E00B88662 /* VehicleScheduleEndpoint.swift */; };
		3F9EAC5F1EF0ADB300B88662 /* LineScheduleInteractor.swift in Sources */ = {isa = PBXBuildFile; fileRef = 3F9EAC5E1EF0ADB300B88662 /* LineScheduleInteractor.swift */; };
		3F9EAC611EF0ADBE00B88662 /* VehicleScheduleInteractor.swift in Sources */ = {isa = PBXBuildFile; fileRef = 3F9EAC601EF0ADBE00B88662 /* VehicleScheduleInteractor.swift */; };
		3F9EAC631EF0BFDC00B88662 /* IHomeView.swift in Sources */ = {isa = PBXBuildFile; fileRef = 3F9EAC621EF0BFDC00B88662 /* IHomeView.swift */; };
		3F9EAC651EF0BFEA00B88662 /* IHomePresenter.swift in Sources */ = {isa = PBXBuildFile; fileRef = 3F9EAC641EF0BFEA00B88662 /* IHomePresenter.swift */; };
		3F9EAC671EF0BFF300B88662 /* HomePresenter.swift in Sources */ = {isa = PBXBuildFile; fileRef = 3F9EAC661EF0BFF300B88662 /* HomePresenter.swift */; };
		3F9EAC691EF0C44300B88662 /* SessionManager.swift in Sources */ = {isa = PBXBuildFile; fileRef = 3F9EAC681EF0C44300B88662 /* SessionManager.swift */; };
		3FBCCE8D1EED8A8200D67F5A /* AlertHelper.swift in Sources */ = {isa = PBXBuildFile; fileRef = 3FBCCE8C1EED8A8200D67F5A /* AlertHelper.swift */; };
		3FBCCE8F1EED8ABD00D67F5A /* Storyboard.swift in Sources */ = {isa = PBXBuildFile; fileRef = 3FBCCE8E1EED8ABD00D67F5A /* Storyboard.swift */; };
		3FBCCE911EED8AFB00D67F5A /* LocalizedString.swift in Sources */ = {isa = PBXBuildFile; fileRef = 3FBCCE901EED8AFB00D67F5A /* LocalizedString.swift */; };
		3FBCCE991EED8C3000D67F5A /* SplashViewController.swift in Sources */ = {isa = PBXBuildFile; fileRef = 3FBCCE981EED8C3000D67F5A /* SplashViewController.swift */; };
		3FBCCE9D1EED905400D67F5A /* GoogleService-Info.plist in Resources */ = {isa = PBXBuildFile; fileRef = 3FBCCE9C1EED905400D67F5A /* GoogleService-Info.plist */; };
		3FBCCE9F1EED91F600D67F5A /* AdSupport.framework in Frameworks */ = {isa = PBXBuildFile; fileRef = 3FBCCE9E1EED91F600D67F5A /* AdSupport.framework */; };
		3FBCCEA71EEDDDA700D67F5A /* AppNavigation.swift in Sources */ = {isa = PBXBuildFile; fileRef = 3FBCCEA61EEDDDA700D67F5A /* AppNavigation.swift */; };
		3FBCCEA91EEDDDEB00D67F5A /* Router.swift in Sources */ = {isa = PBXBuildFile; fileRef = 3FBCCEA81EEDDDEB00D67F5A /* Router.swift */; };
		3FBCCEAC1EEDDE8100D67F5A /* RegisterViewController.swift in Sources */ = {isa = PBXBuildFile; fileRef = 3FBCCEAB1EEDDE8100D67F5A /* RegisterViewController.swift */; };
		3FD2A25F1EF5CE7F00EC5248 /* ResultHeaderCell.swift in Sources */ = {isa = PBXBuildFile; fileRef = 3FD2A25E1EF5CE7F00EC5248 /* ResultHeaderCell.swift */; };
		3FD2A2621EF5D4C400EC5248 /* MapViewController.swift in Sources */ = {isa = PBXBuildFile; fileRef = 3FD2A2611EF5D4C400EC5248 /* MapViewController.swift */; };
		3FD2A2641EF5D4CC00EC5248 /* IMapView.swift in Sources */ = {isa = PBXBuildFile; fileRef = 3FD2A2631EF5D4CC00EC5248 /* IMapView.swift */; };
		3FD2A2661EF5D4D600EC5248 /* IMapPresenter.swift in Sources */ = {isa = PBXBuildFile; fileRef = 3FD2A2651EF5D4D600EC5248 /* IMapPresenter.swift */; };
		3FD2A2681EF5D4DD00EC5248 /* MapPresenter.swift in Sources */ = {isa = PBXBuildFile; fileRef = 3FD2A2671EF5D4DD00EC5248 /* MapPresenter.swift */; };
		3FD2A26A1EF5EE8700EC5248 /* MetroPath.swift in Sources */ = {isa = PBXBuildFile; fileRef = 3FD2A2691EF5EE8700EC5248 /* MetroPath.swift */; };
		3FD2A2711EF60B5400EC5248 /* MetroStop.swift in Sources */ = {isa = PBXBuildFile; fileRef = 3FD2A26F1EF60B5400EC5248 /* MetroStop.swift */; };
		3FD2A2721EF60B5400EC5248 /* MetroStopsCourse.swift in Sources */ = {isa = PBXBuildFile; fileRef = 3FD2A2701EF60B5400EC5248 /* MetroStopsCourse.swift */; };
		3FFA97971EF55DBE005A6D8A /* UrbsStop.swift in Sources */ = {isa = PBXBuildFile; fileRef = 3FFA97961EF55DBE005A6D8A /* UrbsStop.swift */; };
		3FFA979A1EF55DE9005A6D8A /* StopEndpoint.swift in Sources */ = {isa = PBXBuildFile; fileRef = 3FFA97981EF55DE9005A6D8A /* StopEndpoint.swift */; };
		3FFA979B1EF55DE9005A6D8A /* StopInteractor.swift in Sources */ = {isa = PBXBuildFile; fileRef = 3FFA97991EF55DE9005A6D8A /* StopInteractor.swift */; };
		3FFC1A261EF3474000C7E158 /* MetroLine.swift in Sources */ = {isa = PBXBuildFile; fileRef = 3FFC1A251EF3474000C7E158 /* MetroLine.swift */; };
		3FFC1A281EF3492E00C7E158 /* Line.swift in Sources */ = {isa = PBXBuildFile; fileRef = 3FFC1A271EF3492E00C7E158 /* Line.swift */; };
		3FFE39C11EF2AF6F00A0A4C0 /* AppColors.swift in Sources */ = {isa = PBXBuildFile; fileRef = 3FFE39C01EF2AF6F00A0A4C0 /* AppColors.swift */; };
		81ED263C16229F901E99724E /* Pods_CuritiBus.framework in Frameworks */ = {isa = PBXBuildFile; fileRef = 564D6FB06006D36CB53C870A /* Pods_CuritiBus.framework */; };
		E546EE9C1EAD41B400CC7BE9 /* LineEndpoint.swift in Sources */ = {isa = PBXBuildFile; fileRef = E546EE9B1EAD41B400CC7BE9 /* LineEndpoint.swift */; };
		E546EE9E1EAD41C000CC7BE9 /* LineInteractor.swift in Sources */ = {isa = PBXBuildFile; fileRef = E546EE9D1EAD41C000CC7BE9 /* LineInteractor.swift */; };
		E546EEA31EAD463100CC7BE9 /* UrbsLine.swift in Sources */ = {isa = PBXBuildFile; fileRef = E546EEA21EAD463100CC7BE9 /* UrbsLine.swift */; };
		E5DF2C141EAD2EB00026E795 /* AppDelegate.swift in Sources */ = {isa = PBXBuildFile; fileRef = E5DF2C061EAD2EB00026E795 /* AppDelegate.swift */; };
		E5DF2C161EAD2EB00026E795 /* Assets.xcassets in Resources */ = {isa = PBXBuildFile; fileRef = E5DF2C0A1EAD2EB00026E795 /* Assets.xcassets */; };
		E5DF2C171EAD2EB00026E795 /* LaunchScreen.storyboard in Resources */ = {isa = PBXBuildFile; fileRef = E5DF2C121EAD2EB00026E795 /* LaunchScreen.storyboard */; };
		E5DF2C181EAD2EB00026E795 /* Main.storyboard in Resources */ = {isa = PBXBuildFile; fileRef = E5DF2C131EAD2EB00026E795 /* Main.storyboard */; };
		E5DF2C1A1EAD2FF30026E795 /* Constants.swift in Sources */ = {isa = PBXBuildFile; fileRef = E5DF2C191EAD2FF30026E795 /* Constants.swift */; };
		E5DF2C1C1EAD2FFC0026E795 /* URLs.swift in Sources */ = {isa = PBXBuildFile; fileRef = E5DF2C1B1EAD2FFC0026E795 /* URLs.swift */; };
		E5DF2C1E1EAD301D0026E795 /* UserDefaults.swift in Sources */ = {isa = PBXBuildFile; fileRef = E5DF2C1D1EAD301D0026E795 /* UserDefaults.swift */; };
		E5DF2C261EAD30710026E795 /* APIObserver.swift in Sources */ = {isa = PBXBuildFile; fileRef = E5DF2C201EAD30710026E795 /* APIObserver.swift */; };
		E5DF2C271EAD30710026E795 /* BaseMoyaProvider.swift in Sources */ = {isa = PBXBuildFile; fileRef = E5DF2C211EAD30710026E795 /* BaseMoyaProvider.swift */; };
		E5DF2C281EAD30710026E795 /* BaseTargetType.swift in Sources */ = {isa = PBXBuildFile; fileRef = E5DF2C221EAD30710026E795 /* BaseTargetType.swift */; };
		E5DF2C2A1EAD30710026E795 /* ErrorResponse.swift in Sources */ = {isa = PBXBuildFile; fileRef = E5DF2C241EAD30710026E795 /* ErrorResponse.swift */; };
		E5DF2C2B1EAD30710026E795 /* Response+Error.swift in Sources */ = {isa = PBXBuildFile; fileRef = E5DF2C251EAD30710026E795 /* Response+Error.swift */; };
		E5DF2C321EAD33200026E795 /* UIDevice-Hardware.swift in Sources */ = {isa = PBXBuildFile; fileRef = E5DF2C311EAD33200026E795 /* UIDevice-Hardware.swift */; };
		E5DF2C3B1EAD348B0026E795 /* ErrorWrapperPlugin.swift in Sources */ = {isa = PBXBuildFile; fileRef = E5DF2C391EAD348B0026E795 /* ErrorWrapperPlugin.swift */; };
		E5DF2C3C1EAD348B0026E795 /* LoggerPlugin.swift in Sources */ = {isa = PBXBuildFile; fileRef = E5DF2C3A1EAD348B0026E795 /* LoggerPlugin.swift */; };
/* End PBXBuildFile section */

/* Begin PBXFileReference section */
		3F0465BC1EEF6BC600E93110 /* DBManager.swift */ = {isa = PBXFileReference; fileEncoding = 4; lastKnownFileType = sourcecode.swift; path = DBManager.swift; sourceTree = "<group>"; };
		3F0465BE1EEF777500E93110 /* BaseInteractor.swift */ = {isa = PBXFileReference; fileEncoding = 4; lastKnownFileType = sourcecode.swift; path = BaseInteractor.swift; sourceTree = "<group>"; };
		3F0964701EAE296D00D658A1 /* UrbsAuth.swift */ = {isa = PBXFileReference; fileEncoding = 4; lastKnownFileType = sourcecode.swift; path = UrbsAuth.swift; sourceTree = "<group>"; };
		3F3419661EEDF43200412D1E /* HomeViewController.swift */ = {isa = PBXFileReference; fileEncoding = 4; lastKnownFileType = sourcecode.swift; path = HomeViewController.swift; sourceTree = "<group>"; };
		3F3419681EEDF5E600412D1E /* IRegisterView.swift */ = {isa = PBXFileReference; fileEncoding = 4; lastKnownFileType = sourcecode.swift; path = IRegisterView.swift; sourceTree = "<group>"; };
		3F34196A1EEDF5F100412D1E /* IRegisterPresenter.swift */ = {isa = PBXFileReference; fileEncoding = 4; lastKnownFileType = sourcecode.swift; path = IRegisterPresenter.swift; sourceTree = "<group>"; };
		3F34196C1EEDF5FB00412D1E /* RegisterPresenter.swift */ = {isa = PBXFileReference; fileEncoding = 4; lastKnownFileType = sourcecode.swift; path = RegisterPresenter.swift; sourceTree = "<group>"; };
		3F34196F1EEDF9B300412D1E /* IEmailView.swift */ = {isa = PBXFileReference; fileEncoding = 4; lastKnownFileType = sourcecode.swift; path = IEmailView.swift; sourceTree = "<group>"; };
		3F3419711EEDF9BB00412D1E /* EmailViewController.swift */ = {isa = PBXFileReference; fileEncoding = 4; lastKnownFileType = sourcecode.swift; path = EmailViewController.swift; sourceTree = "<group>"; };
		3F3419731EEDF9C300412D1E /* IEmailPresenter.swift */ = {isa = PBXFileReference; fileEncoding = 4; lastKnownFileType = sourcecode.swift; path = IEmailPresenter.swift; sourceTree = "<group>"; };
		3F3419751EEDF9D000412D1E /* EmailSignUpPresenter.swift */ = {isa = PBXFileReference; fileEncoding = 4; lastKnownFileType = sourcecode.swift; path = EmailSignUpPresenter.swift; sourceTree = "<group>"; };
		3F3419771EEDF9E500412D1E /* EmailSignInPresenter.swift */ = {isa = PBXFileReference; fileEncoding = 4; lastKnownFileType = sourcecode.swift; path = EmailSignInPresenter.swift; sourceTree = "<group>"; };
		3F34197F1EEE167900412D1E /* Fonts.swift */ = {isa = PBXFileReference; fileEncoding = 4; lastKnownFileType = sourcecode.swift; path = Fonts.swift; sourceTree = "<group>"; };
		3F3419831EEE17A600412D1E /* pt-BR */ = {isa = PBXFileReference; lastKnownFileType = text.plist.strings; name = "pt-BR"; path = "pt-BR.lproj/Localizable.strings"; sourceTree = "<group>"; };
		3F3419861EEE17BE00412D1E /* fontawesome-webfont.ttf */ = {isa = PBXFileReference; lastKnownFileType = file; path = "fontawesome-webfont.ttf"; sourceTree = "<group>"; };
		3F40C1771EF0013B00AB876A /* Vehicle.swift */ = {isa = PBXFileReference; fileEncoding = 4; lastKnownFileType = sourcecode.swift; path = Vehicle.swift; sourceTree = "<group>"; };
		3F40C17A1EF004A400AB876A /* VehicleEndpoint.swift */ = {isa = PBXFileReference; fileEncoding = 4; lastKnownFileType = sourcecode.swift; path = VehicleEndpoint.swift; sourceTree = "<group>"; };
		3F40C17E1EF004C400AB876A /* VehicleInteractor.swift */ = {isa = PBXFileReference; fileEncoding = 4; lastKnownFileType = sourcecode.swift; path = VehicleInteractor.swift; sourceTree = "<group>"; };
		3F5E516F1EF409CC00EA4638 /* LineSchedule.swift */ = {isa = PBXFileReference; fileEncoding = 4; lastKnownFileType = sourcecode.swift; path = LineSchedule.swift; sourceTree = "<group>"; };
		3F5E51701EF409CC00EA4638 /* VehicleSchedule.swift */ = {isa = PBXFileReference; fileEncoding = 4; lastKnownFileType = sourcecode.swift; path = VehicleSchedule.swift; sourceTree = "<group>"; };
		3F754CF91EF200C0003749A2 /* UserLinesManager.swift */ = {isa = PBXFileReference; fileEncoding = 4; lastKnownFileType = sourcecode.swift; path = UserLinesManager.swift; sourceTree = "<group>"; };
		3F754CFC1EF21536003749A2 /* UserLineCell.swift */ = {isa = PBXFileReference; fileEncoding = 4; lastKnownFileType = sourcecode.swift; path = UserLineCell.swift; sourceTree = "<group>"; };
		3F9EAC5A1EF0AC7200B88662 /* LineScheduleEndpoint.swift */ = {isa = PBXFileReference; fileEncoding = 4; lastKnownFileType = sourcecode.swift; path = LineScheduleEndpoint.swift; sourceTree = "<group>"; };
		3F9EAC5C1EF0AC7E00B88662 /* VehicleScheduleEndpoint.swift */ = {isa = PBXFileReference; fileEncoding = 4; lastKnownFileType = sourcecode.swift; path = VehicleScheduleEndpoint.swift; sourceTree = "<group>"; };
		3F9EAC5E1EF0ADB300B88662 /* LineScheduleInteractor.swift */ = {isa = PBXFileReference; fileEncoding = 4; lastKnownFileType = sourcecode.swift; path = LineScheduleInteractor.swift; sourceTree = "<group>"; };
		3F9EAC601EF0ADBE00B88662 /* VehicleScheduleInteractor.swift */ = {isa = PBXFileReference; fileEncoding = 4; lastKnownFileType = sourcecode.swift; path = VehicleScheduleInteractor.swift; sourceTree = "<group>"; };
		3F9EAC621EF0BFDC00B88662 /* IHomeView.swift */ = {isa = PBXFileReference; fileEncoding = 4; lastKnownFileType = sourcecode.swift; path = IHomeView.swift; sourceTree = "<group>"; };
		3F9EAC641EF0BFEA00B88662 /* IHomePresenter.swift */ = {isa = PBXFileReference; fileEncoding = 4; lastKnownFileType = sourcecode.swift; path = IHomePresenter.swift; sourceTree = "<group>"; };
		3F9EAC661EF0BFF300B88662 /* HomePresenter.swift */ = {isa = PBXFileReference; fileEncoding = 4; lastKnownFileType = sourcecode.swift; path = HomePresenter.swift; sourceTree = "<group>"; };
		3F9EAC681EF0C44300B88662 /* SessionManager.swift */ = {isa = PBXFileReference; fileEncoding = 4; lastKnownFileType = sourcecode.swift; path = SessionManager.swift; sourceTree = "<group>"; };
		3FBCCE8C1EED8A8200D67F5A /* AlertHelper.swift */ = {isa = PBXFileReference; fileEncoding = 4; lastKnownFileType = sourcecode.swift; path = AlertHelper.swift; sourceTree = "<group>"; };
		3FBCCE8E1EED8ABD00D67F5A /* Storyboard.swift */ = {isa = PBXFileReference; fileEncoding = 4; lastKnownFileType = sourcecode.swift; path = Storyboard.swift; sourceTree = "<group>"; };
		3FBCCE901EED8AFB00D67F5A /* LocalizedString.swift */ = {isa = PBXFileReference; fileEncoding = 4; lastKnownFileType = sourcecode.swift; path = LocalizedString.swift; sourceTree = "<group>"; };
		3FBCCE981EED8C3000D67F5A /* SplashViewController.swift */ = {isa = PBXFileReference; fileEncoding = 4; lastKnownFileType = sourcecode.swift; path = SplashViewController.swift; sourceTree = "<group>"; };
		3FBCCE9C1EED905400D67F5A /* GoogleService-Info.plist */ = {isa = PBXFileReference; fileEncoding = 4; lastKnownFileType = text.plist.xml; path = "GoogleService-Info.plist"; sourceTree = "<group>"; };
		3FBCCE9E1EED91F600D67F5A /* AdSupport.framework */ = {isa = PBXFileReference; lastKnownFileType = wrapper.framework; name = AdSupport.framework; path = System/Library/Frameworks/AdSupport.framework; sourceTree = SDKROOT; };
		3FBCCEA61EEDDDA700D67F5A /* AppNavigation.swift */ = {isa = PBXFileReference; fileEncoding = 4; lastKnownFileType = sourcecode.swift; path = AppNavigation.swift; sourceTree = "<group>"; };
		3FBCCEA81EEDDDEB00D67F5A /* Router.swift */ = {isa = PBXFileReference; fileEncoding = 4; lastKnownFileType = sourcecode.swift; path = Router.swift; sourceTree = "<group>"; };
		3FBCCEAB1EEDDE8100D67F5A /* RegisterViewController.swift */ = {isa = PBXFileReference; fileEncoding = 4; lastKnownFileType = sourcecode.swift; path = RegisterViewController.swift; sourceTree = "<group>"; };
		3FD2A25E1EF5CE7F00EC5248 /* ResultHeaderCell.swift */ = {isa = PBXFileReference; fileEncoding = 4; lastKnownFileType = sourcecode.swift; path = ResultHeaderCell.swift; sourceTree = "<group>"; };
		3FD2A2611EF5D4C400EC5248 /* MapViewController.swift */ = {isa = PBXFileReference; fileEncoding = 4; lastKnownFileType = sourcecode.swift; path = MapViewController.swift; sourceTree = "<group>"; };
		3FD2A2631EF5D4CC00EC5248 /* IMapView.swift */ = {isa = PBXFileReference; fileEncoding = 4; lastKnownFileType = sourcecode.swift; path = IMapView.swift; sourceTree = "<group>"; };
		3FD2A2651EF5D4D600EC5248 /* IMapPresenter.swift */ = {isa = PBXFileReference; fileEncoding = 4; lastKnownFileType = sourcecode.swift; path = IMapPresenter.swift; sourceTree = "<group>"; };
		3FD2A2671EF5D4DD00EC5248 /* MapPresenter.swift */ = {isa = PBXFileReference; fileEncoding = 4; lastKnownFileType = sourcecode.swift; path = MapPresenter.swift; sourceTree = "<group>"; };
		3FD2A2691EF5EE8700EC5248 /* MetroPath.swift */ = {isa = PBXFileReference; fileEncoding = 4; lastKnownFileType = sourcecode.swift; path = MetroPath.swift; sourceTree = "<group>"; };
		3FD2A26F1EF60B5400EC5248 /* MetroStop.swift */ = {isa = PBXFileReference; fileEncoding = 4; lastKnownFileType = sourcecode.swift; path = MetroStop.swift; sourceTree = "<group>"; };
		3FD2A2701EF60B5400EC5248 /* MetroStopsCourse.swift */ = {isa = PBXFileReference; fileEncoding = 4; lastKnownFileType = sourcecode.swift; path = MetroStopsCourse.swift; sourceTree = "<group>"; };
		3FFA97961EF55DBE005A6D8A /* UrbsStop.swift */ = {isa = PBXFileReference; fileEncoding = 4; lastKnownFileType = sourcecode.swift; path = UrbsStop.swift; sourceTree = "<group>"; };
		3FFA97981EF55DE9005A6D8A /* StopEndpoint.swift */ = {isa = PBXFileReference; fileEncoding = 4; lastKnownFileType = sourcecode.swift; path = StopEndpoint.swift; sourceTree = "<group>"; };
		3FFA97991EF55DE9005A6D8A /* StopInteractor.swift */ = {isa = PBXFileReference; fileEncoding = 4; lastKnownFileType = sourcecode.swift; path = StopInteractor.swift; sourceTree = "<group>"; };
		3FFC1A251EF3474000C7E158 /* MetroLine.swift */ = {isa = PBXFileReference; fileEncoding = 4; lastKnownFileType = sourcecode.swift; path = MetroLine.swift; sourceTree = "<group>"; };
		3FFC1A271EF3492E00C7E158 /* Line.swift */ = {isa = PBXFileReference; fileEncoding = 4; lastKnownFileType = sourcecode.swift; path = Line.swift; sourceTree = "<group>"; };
		3FFE39C01EF2AF6F00A0A4C0 /* AppColors.swift */ = {isa = PBXFileReference; fileEncoding = 4; lastKnownFileType = sourcecode.swift; path = AppColors.swift; sourceTree = "<group>"; };
		564D6FB06006D36CB53C870A /* Pods_CuritiBus.framework */ = {isa = PBXFileReference; explicitFileType = wrapper.framework; includeInIndex = 0; path = Pods_CuritiBus.framework; sourceTree = BUILT_PRODUCTS_DIR; };
		A6EE6A4E87B72F4611F29D76 /* Pods-CuritiBus.release.xcconfig */ = {isa = PBXFileReference; includeInIndex = 1; lastKnownFileType = text.xcconfig; name = "Pods-CuritiBus.release.xcconfig"; path = "Pods/Target Support Files/Pods-CuritiBus/Pods-CuritiBus.release.xcconfig"; sourceTree = "<group>"; };
		E125EC98E76ED552C657F069 /* Pods-CuritiBus.debug.xcconfig */ = {isa = PBXFileReference; includeInIndex = 1; lastKnownFileType = text.xcconfig; name = "Pods-CuritiBus.debug.xcconfig"; path = "Pods/Target Support Files/Pods-CuritiBus/Pods-CuritiBus.debug.xcconfig"; sourceTree = "<group>"; };
		E546EE9B1EAD41B400CC7BE9 /* LineEndpoint.swift */ = {isa = PBXFileReference; fileEncoding = 4; lastKnownFileType = sourcecode.swift; path = LineEndpoint.swift; sourceTree = "<group>"; };
		E546EE9D1EAD41C000CC7BE9 /* LineInteractor.swift */ = {isa = PBXFileReference; fileEncoding = 4; lastKnownFileType = sourcecode.swift; path = LineInteractor.swift; sourceTree = "<group>"; };
		E546EEA21EAD463100CC7BE9 /* UrbsLine.swift */ = {isa = PBXFileReference; fileEncoding = 4; lastKnownFileType = sourcecode.swift; path = UrbsLine.swift; sourceTree = "<group>"; };
		E5DF2BEF1EAD2CA00026E795 /* CuritiBus.app */ = {isa = PBXFileReference; explicitFileType = wrapper.application; includeInIndex = 0; path = CuritiBus.app; sourceTree = BUILT_PRODUCTS_DIR; };
		E5DF2C061EAD2EB00026E795 /* AppDelegate.swift */ = {isa = PBXFileReference; fileEncoding = 4; lastKnownFileType = sourcecode.swift; path = AppDelegate.swift; sourceTree = "<group>"; };
		E5DF2C071EAD2EB00026E795 /* Info.plist */ = {isa = PBXFileReference; fileEncoding = 4; lastKnownFileType = text.plist.xml; path = Info.plist; sourceTree = "<group>"; };
		E5DF2C0A1EAD2EB00026E795 /* Assets.xcassets */ = {isa = PBXFileReference; lastKnownFileType = folder.assetcatalog; path = Assets.xcassets; sourceTree = "<group>"; };
		E5DF2C121EAD2EB00026E795 /* LaunchScreen.storyboard */ = {isa = PBXFileReference; fileEncoding = 4; lastKnownFileType = file.storyboard; path = LaunchScreen.storyboard; sourceTree = "<group>"; };
		E5DF2C131EAD2EB00026E795 /* Main.storyboard */ = {isa = PBXFileReference; fileEncoding = 4; lastKnownFileType = file.storyboard; path = Main.storyboard; sourceTree = "<group>"; };
		E5DF2C191EAD2FF30026E795 /* Constants.swift */ = {isa = PBXFileReference; fileEncoding = 4; lastKnownFileType = sourcecode.swift; path = Constants.swift; sourceTree = "<group>"; };
		E5DF2C1B1EAD2FFC0026E795 /* URLs.swift */ = {isa = PBXFileReference; fileEncoding = 4; lastKnownFileType = sourcecode.swift; path = URLs.swift; sourceTree = "<group>"; };
		E5DF2C1D1EAD301D0026E795 /* UserDefaults.swift */ = {isa = PBXFileReference; fileEncoding = 4; lastKnownFileType = sourcecode.swift; path = UserDefaults.swift; sourceTree = "<group>"; };
		E5DF2C201EAD30710026E795 /* APIObserver.swift */ = {isa = PBXFileReference; fileEncoding = 4; lastKnownFileType = sourcecode.swift; path = APIObserver.swift; sourceTree = "<group>"; };
		E5DF2C211EAD30710026E795 /* BaseMoyaProvider.swift */ = {isa = PBXFileReference; fileEncoding = 4; lastKnownFileType = sourcecode.swift; path = BaseMoyaProvider.swift; sourceTree = "<group>"; };
		E5DF2C221EAD30710026E795 /* BaseTargetType.swift */ = {isa = PBXFileReference; fileEncoding = 4; lastKnownFileType = sourcecode.swift; path = BaseTargetType.swift; sourceTree = "<group>"; };
		E5DF2C241EAD30710026E795 /* ErrorResponse.swift */ = {isa = PBXFileReference; fileEncoding = 4; lastKnownFileType = sourcecode.swift; path = ErrorResponse.swift; sourceTree = "<group>"; };
		E5DF2C251EAD30710026E795 /* Response+Error.swift */ = {isa = PBXFileReference; fileEncoding = 4; lastKnownFileType = sourcecode.swift; path = "Response+Error.swift"; sourceTree = "<group>"; };
		E5DF2C311EAD33200026E795 /* UIDevice-Hardware.swift */ = {isa = PBXFileReference; fileEncoding = 4; lastKnownFileType = sourcecode.swift; path = "UIDevice-Hardware.swift"; sourceTree = "<group>"; };
		E5DF2C391EAD348B0026E795 /* ErrorWrapperPlugin.swift */ = {isa = PBXFileReference; fileEncoding = 4; lastKnownFileType = sourcecode.swift; path = ErrorWrapperPlugin.swift; sourceTree = "<group>"; };
		E5DF2C3A1EAD348B0026E795 /* LoggerPlugin.swift */ = {isa = PBXFileReference; fileEncoding = 4; lastKnownFileType = sourcecode.swift; path = LoggerPlugin.swift; sourceTree = "<group>"; };
/* End PBXFileReference section */

/* Begin PBXFrameworksBuildPhase section */
		E5DF2BEC1EAD2CA00026E795 /* Frameworks */ = {
			isa = PBXFrameworksBuildPhase;
			buildActionMask = 2147483647;
			files = (
				3FBCCE9F1EED91F600D67F5A /* AdSupport.framework in Frameworks */,
				81ED263C16229F901E99724E /* Pods_CuritiBus.framework in Frameworks */,
			);
			runOnlyForDeploymentPostprocessing = 0;
		};
/* End PBXFrameworksBuildPhase section */

/* Begin PBXGroup section */
		3F3419651EEDF42B00412D1E /* Home */ = {
			isa = PBXGroup;
			children = (
				3F9EAC621EF0BFDC00B88662 /* IHomeView.swift */,
				3F3419661EEDF43200412D1E /* HomeViewController.swift */,
				3F9EAC641EF0BFEA00B88662 /* IHomePresenter.swift */,
				3F9EAC661EF0BFF300B88662 /* HomePresenter.swift */,
				3F754CFB1EF21526003749A2 /* Cells */,
			);
			path = Home;
			sourceTree = "<group>";
		};
		3F34196E1EEDF9AC00412D1E /* Email */ = {
			isa = PBXGroup;
			children = (
				3F34196F1EEDF9B300412D1E /* IEmailView.swift */,
				3F3419711EEDF9BB00412D1E /* EmailViewController.swift */,
				3F3419731EEDF9C300412D1E /* IEmailPresenter.swift */,
				3F3419751EEDF9D000412D1E /* EmailSignUpPresenter.swift */,
				3F3419771EEDF9E500412D1E /* EmailSignInPresenter.swift */,
			);
			path = Email;
			sourceTree = "<group>";
		};
		3F3419811EEE17A600412D1E /* Texts */ = {
			isa = PBXGroup;
			children = (
				3F3419821EEE17A600412D1E /* Localizable.strings */,
			);
			path = Texts;
			sourceTree = "<group>";
		};
		3F3419851EEE17BE00412D1E /* Fonts */ = {
			isa = PBXGroup;
			children = (
				3F3419861EEE17BE00412D1E /* fontawesome-webfont.ttf */,
			);
			path = Fonts;
			sourceTree = "<group>";
		};
		3F40C1761EF0012F00AB876A /* Vehicle */ = {
			isa = PBXGroup;
			children = (
				3F40C1771EF0013B00AB876A /* Vehicle.swift */,
			);
			path = Vehicle;
			sourceTree = "<group>";
		};
		3F40C1791EF0049500AB876A /* Vehicle */ = {
			isa = PBXGroup;
			children = (
				3F40C17A1EF004A400AB876A /* VehicleEndpoint.swift */,
				3F40C17E1EF004C400AB876A /* VehicleInteractor.swift */,
			);
			path = Vehicle;
			sourceTree = "<group>";
		};
		3F5E516E1EF409CC00EA4638 /* Schedule */ = {
			isa = PBXGroup;
			children = (
				3F5E516F1EF409CC00EA4638 /* LineSchedule.swift */,
				3F5E51701EF409CC00EA4638 /* VehicleSchedule.swift */,
			);
			path = Schedule;
			sourceTree = "<group>";
		};
		3F754CFB1EF21526003749A2 /* Cells */ = {
			isa = PBXGroup;
			children = (
				3F754CFC1EF21536003749A2 /* UserLineCell.swift */,
				3FD2A25E1EF5CE7F00EC5248 /* ResultHeaderCell.swift */,
			);
			path = Cells;
			sourceTree = "<group>";
		};
		3F9EAC581EF0AC6200B88662 /* LineSchedule */ = {
			isa = PBXGroup;
			children = (
				3F9EAC5A1EF0AC7200B88662 /* LineScheduleEndpoint.swift */,
				3F9EAC5E1EF0ADB300B88662 /* LineScheduleInteractor.swift */,
			);
			path = LineSchedule;
			sourceTree = "<group>";
		};
		3F9EAC591EF0AC6200B88662 /* VehicleSchedule */ = {
			isa = PBXGroup;
			children = (
				3F9EAC5C1EF0AC7E00B88662 /* VehicleScheduleEndpoint.swift */,
				3F9EAC601EF0ADBE00B88662 /* VehicleScheduleInteractor.swift */,
			);
			path = VehicleSchedule;
			sourceTree = "<group>";
		};
		3FBCCE941EED8C0500D67F5A /* Controllers */ = {
			isa = PBXGroup;
			children = (
				3FBCCE971EED8C2A00D67F5A /* Splash */,
				3FBCCEAA1EEDDE7600D67F5A /* Register */,
				3F34196E1EEDF9AC00412D1E /* Email */,
				3F3419651EEDF42B00412D1E /* Home */,
				3FD2A2601EF5D4AE00EC5248 /* Map */,
			);
			path = Controllers;
			sourceTree = "<group>";
		};
		3FBCCE971EED8C2A00D67F5A /* Splash */ = {
			isa = PBXGroup;
			children = (
				3FBCCE981EED8C3000D67F5A /* SplashViewController.swift */,
			);
			path = Splash;
			sourceTree = "<group>";
		};
		3FBCCEA51EEDDD9C00D67F5A /* Navigations */ = {
			isa = PBXGroup;
			children = (
				3FBCCEA61EEDDDA700D67F5A /* AppNavigation.swift */,
			);
			path = Navigations;
			sourceTree = "<group>";
		};
		3FBCCEAA1EEDDE7600D67F5A /* Register */ = {
			isa = PBXGroup;
			children = (
				3F3419681EEDF5E600412D1E /* IRegisterView.swift */,
				3FBCCEAB1EEDDE8100D67F5A /* RegisterViewController.swift */,
				3F34196A1EEDF5F100412D1E /* IRegisterPresenter.swift */,
				3F34196C1EEDF5FB00412D1E /* RegisterPresenter.swift */,
			);
			path = Register;
			sourceTree = "<group>";
		};
		3FD2A2601EF5D4AE00EC5248 /* Map */ = {
			isa = PBXGroup;
			children = (
				3FD2A2631EF5D4CC00EC5248 /* IMapView.swift */,
				3FD2A2611EF5D4C400EC5248 /* MapViewController.swift */,
				3FD2A2651EF5D4D600EC5248 /* IMapPresenter.swift */,
				3FD2A2671EF5D4DD00EC5248 /* MapPresenter.swift */,
			);
			path = Map;
			sourceTree = "<group>";
		};
		3FFA97941EF55D9D005A6D8A /* Stop */ = {
			isa = PBXGroup;
			children = (
				3FFA97981EF55DE9005A6D8A /* StopEndpoint.swift */,
				3FFA97991EF55DE9005A6D8A /* StopInteractor.swift */,
			);
			path = Stop;
			sourceTree = "<group>";
		};
		3FFA97951EF55DBE005A6D8A /* Stop */ = {
			isa = PBXGroup;
			children = (
				3FFA97961EF55DBE005A6D8A /* UrbsStop.swift */,
				3FD2A2691EF5EE8700EC5248 /* MetroPath.swift */,
				3FD2A2701EF60B5400EC5248 /* MetroStopsCourse.swift */,
				3FD2A26F1EF60B5400EC5248 /* MetroStop.swift */,
			);
			path = Stop;
			sourceTree = "<group>";
		};
		7C8F8FD30E3D5B7AE10BF3B2 /* Pods */ = {
			isa = PBXGroup;
			children = (
				E125EC98E76ED552C657F069 /* Pods-CuritiBus.debug.xcconfig */,
				A6EE6A4E87B72F4611F29D76 /* Pods-CuritiBus.release.xcconfig */,
			);
			name = Pods;
			sourceTree = "<group>";
		};
		E546EE9A1EAD41AB00CC7BE9 /* Line */ = {
			isa = PBXGroup;
			children = (
				E546EE9B1EAD41B400CC7BE9 /* LineEndpoint.swift */,
				E546EE9D1EAD41C000CC7BE9 /* LineInteractor.swift */,
			);
			path = Line;
			sourceTree = "<group>";
		};
		E546EE9F1EAD44E000CC7BE9 /* Models */ = {
			isa = PBXGroup;
			children = (
				E546EEA11EAD460B00CC7BE9 /* Line */,
				3FFA97951EF55DBE005A6D8A /* Stop */,
				3F40C1761EF0012F00AB876A /* Vehicle */,
				3F5E516E1EF409CC00EA4638 /* Schedule */,
			);
			path = Models;
			sourceTree = "<group>";
		};
		E546EEA01EAD45F100CC7BE9 /* Managers */ = {
			isa = PBXGroup;
			children = (
				3F0465BC1EEF6BC600E93110 /* DBManager.swift */,
				3F9EAC681EF0C44300B88662 /* SessionManager.swift */,
				3F754CF91EF200C0003749A2 /* UserLinesManager.swift */,
			);
			path = Managers;
			sourceTree = "<group>";
		};
		E546EEA11EAD460B00CC7BE9 /* Line */ = {
			isa = PBXGroup;
			children = (
				3FFC1A271EF3492E00C7E158 /* Line.swift */,
				E546EEA21EAD463100CC7BE9 /* UrbsLine.swift */,
				3FFC1A251EF3474000C7E158 /* MetroLine.swift */,
			);
			path = Line;
			sourceTree = "<group>";
		};
		E5DF2BE61EAD2CA00026E795 = {
			isa = PBXGroup;
			children = (
				E5DF2BF11EAD2CA00026E795 /* CuritiBus */,
				E5DF2BF01EAD2CA00026E795 /* Products */,
				7C8F8FD30E3D5B7AE10BF3B2 /* Pods */,
				EF360289A2684EA0F0A397EB /* Frameworks */,
			);
			sourceTree = "<group>";
		};
		E5DF2BF01EAD2CA00026E795 /* Products */ = {
			isa = PBXGroup;
			children = (
				E5DF2BEF1EAD2CA00026E795 /* CuritiBus.app */,
			);
			name = Products;
			sourceTree = "<group>";
		};
		E5DF2BF11EAD2CA00026E795 /* CuritiBus */ = {
			isa = PBXGroup;
			children = (
				E5DF2C081EAD2EB00026E795 /* Config */,
				E5DF2C0E1EAD2EB00026E795 /* Rest */,
				E546EE9F1EAD44E000CC7BE9 /* Models */,
				E5DF2C091EAD2EB00026E795 /* Images */,
				E5DF2C0F1EAD2EB00026E795 /* Views */,
				E546EEA01EAD45F100CC7BE9 /* Managers */,
				E5DF2C0B1EAD2EB00026E795 /* Library */,
				E5DF2C041EAD2EB00026E795 /* Client */,
			);
			path = CuritiBus;
			sourceTree = "<group>";
		};
		E5DF2C041EAD2EB00026E795 /* Client */ = {
			isa = PBXGroup;
			children = (
				3F3419851EEE17BE00412D1E /* Fonts */,
				3F3419811EEE17A600412D1E /* Texts */,
				E5DF2C051EAD2EB00026E795 /* Application */,
				E5DF2C071EAD2EB00026E795 /* Info.plist */,
				3FBCCE9C1EED905400D67F5A /* GoogleService-Info.plist */,
			);
			path = Client;
			sourceTree = "<group>";
		};
		E5DF2C051EAD2EB00026E795 /* Application */ = {
			isa = PBXGroup;
			children = (
				E5DF2C061EAD2EB00026E795 /* AppDelegate.swift */,
			);
			path = Application;
			sourceTree = "<group>";
		};
		E5DF2C081EAD2EB00026E795 /* Config */ = {
			isa = PBXGroup;
			children = (
				E5DF2C191EAD2FF30026E795 /* Constants.swift */,
				3F0964701EAE296D00D658A1 /* UrbsAuth.swift */,
				E5DF2C1B1EAD2FFC0026E795 /* URLs.swift */,
				E5DF2C1D1EAD301D0026E795 /* UserDefaults.swift */,
				3F34197F1EEE167900412D1E /* Fonts.swift */,
				3FFE39C01EF2AF6F00A0A4C0 /* AppColors.swift */,
			);
			path = Config;
			sourceTree = "<group>";
		};
		E5DF2C091EAD2EB00026E795 /* Images */ = {
			isa = PBXGroup;
			children = (
				E5DF2C0A1EAD2EB00026E795 /* Assets.xcassets */,
			);
			path = Images;
			sourceTree = "<group>";
		};
		E5DF2C0B1EAD2EB00026E795 /* Library */ = {
			isa = PBXGroup;
			children = (
				E5DF2C311EAD33200026E795 /* UIDevice-Hardware.swift */,
				3FBCCE8C1EED8A8200D67F5A /* AlertHelper.swift */,
				3FBCCE8E1EED8ABD00D67F5A /* Storyboard.swift */,
				3FBCCE901EED8AFB00D67F5A /* LocalizedString.swift */,
				3FBCCEA81EEDDDEB00D67F5A /* Router.swift */,
			);
			path = Library;
			sourceTree = "<group>";
		};
		E5DF2C0E1EAD2EB00026E795 /* Rest */ = {
			isa = PBXGroup;
			children = (
				E5DF2C1F1EAD30710026E795 /* Commons */,
				E5DF2C381EAD348B0026E795 /* Plugins */,
				E546EE9A1EAD41AB00CC7BE9 /* Line */,
				3FFA97941EF55D9D005A6D8A /* Stop */,
				3F40C1791EF0049500AB876A /* Vehicle */,
				3F9EAC581EF0AC6200B88662 /* LineSchedule */,
				3F9EAC591EF0AC6200B88662 /* VehicleSchedule */,
			);
			path = Rest;
			sourceTree = "<group>";
		};
		E5DF2C0F1EAD2EB00026E795 /* Views */ = {
			isa = PBXGroup;
			children = (
				3FBCCEA51EEDDD9C00D67F5A /* Navigations */,
				3FBCCE941EED8C0500D67F5A /* Controllers */,
				E5DF2C111EAD2EB00026E795 /* Storyboards */,
			);
			path = Views;
			sourceTree = "<group>";
		};
		E5DF2C111EAD2EB00026E795 /* Storyboards */ = {
			isa = PBXGroup;
			children = (
				E5DF2C121EAD2EB00026E795 /* LaunchScreen.storyboard */,
				E5DF2C131EAD2EB00026E795 /* Main.storyboard */,
			);
			path = Storyboards;
			sourceTree = "<group>";
		};
		E5DF2C1F1EAD30710026E795 /* Commons */ = {
			isa = PBXGroup;
			children = (
				E5DF2C201EAD30710026E795 /* APIObserver.swift */,
				E5DF2C211EAD30710026E795 /* BaseMoyaProvider.swift */,
				E5DF2C221EAD30710026E795 /* BaseTargetType.swift */,
				E5DF2C241EAD30710026E795 /* ErrorResponse.swift */,
				E5DF2C251EAD30710026E795 /* Response+Error.swift */,
				3F0465BE1EEF777500E93110 /* BaseInteractor.swift */,
			);
			path = Commons;
			sourceTree = "<group>";
		};
		E5DF2C381EAD348B0026E795 /* Plugins */ = {
			isa = PBXGroup;
			children = (
				E5DF2C391EAD348B0026E795 /* ErrorWrapperPlugin.swift */,
				E5DF2C3A1EAD348B0026E795 /* LoggerPlugin.swift */,
			);
			path = Plugins;
			sourceTree = "<group>";
		};
		EF360289A2684EA0F0A397EB /* Frameworks */ = {
			isa = PBXGroup;
			children = (
				3FBCCE9E1EED91F600D67F5A /* AdSupport.framework */,
				564D6FB06006D36CB53C870A /* Pods_CuritiBus.framework */,
			);
			name = Frameworks;
			sourceTree = "<group>";
		};
/* End PBXGroup section */

/* Begin PBXNativeTarget section */
		E5DF2BEE1EAD2CA00026E795 /* CuritiBus */ = {
			isa = PBXNativeTarget;
			buildConfigurationList = E5DF2C011EAD2CA00026E795 /* Build configuration list for PBXNativeTarget "CuritiBus" */;
			buildPhases = (
				9B5BE61FD48407DE6A75A8E9 /* [CP] Check Pods Manifest.lock */,
				E5DF2BEB1EAD2CA00026E795 /* Sources */,
				E5DF2BEC1EAD2CA00026E795 /* Frameworks */,
				E5DF2BED1EAD2CA00026E795 /* Resources */,
				1D078169E389E359B05714C2 /* [CP] Embed Pods Frameworks */,
				A206F63E737D84A71882A8EB /* [CP] Copy Pods Resources */,
				3FBCCEA21EED929E00D67F5A /* Fabric */,
			);
			buildRules = (
			);
			dependencies = (
			);
			name = CuritiBus;
			productName = CuritiBus;
			productReference = E5DF2BEF1EAD2CA00026E795 /* CuritiBus.app */;
			productType = "com.apple.product-type.application";
		};
/* End PBXNativeTarget section */

/* Begin PBXProject section */
		E5DF2BE71EAD2CA00026E795 /* Project object */ = {
			isa = PBXProject;
			attributes = {
				LastSwiftUpdateCheck = 0830;
				LastUpgradeCheck = 0830;
				ORGANIZATIONNAME = "Diego Trevisan Lara";
				TargetAttributes = {
					E5DF2BEE1EAD2CA00026E795 = {
						CreatedOnToolsVersion = 8.3.2;
						DevelopmentTeam = D97MJ3844Q;
						ProvisioningStyle = Automatic;
					};
				};
			};
			buildConfigurationList = E5DF2BEA1EAD2CA00026E795 /* Build configuration list for PBXProject "CuritiBus" */;
			compatibilityVersion = "Xcode 3.2";
			developmentRegion = English;
			hasScannedForEncodings = 0;
			knownRegions = (
				"pt-BR",
			);
			mainGroup = E5DF2BE61EAD2CA00026E795;
			productRefGroup = E5DF2BF01EAD2CA00026E795 /* Products */;
			projectDirPath = "";
			projectRoot = "";
			targets = (
				E5DF2BEE1EAD2CA00026E795 /* CuritiBus */,
			);
		};
/* End PBXProject section */

/* Begin PBXResourcesBuildPhase section */
		E5DF2BED1EAD2CA00026E795 /* Resources */ = {
			isa = PBXResourcesBuildPhase;
			buildActionMask = 2147483647;
			files = (
				3F3419841EEE17A600412D1E /* Localizable.strings in Resources */,
				E5DF2C171EAD2EB00026E795 /* LaunchScreen.storyboard in Resources */,
				3FBCCE9D1EED905400D67F5A /* GoogleService-Info.plist in Resources */,
				3F3419871EEE17BE00412D1E /* fontawesome-webfont.ttf in Resources */,
				E5DF2C161EAD2EB00026E795 /* Assets.xcassets in Resources */,
				E5DF2C181EAD2EB00026E795 /* Main.storyboard in Resources */,
			);
			runOnlyForDeploymentPostprocessing = 0;
		};
/* End PBXResourcesBuildPhase section */

/* Begin PBXShellScriptBuildPhase section */
		1D078169E389E359B05714C2 /* [CP] Embed Pods Frameworks */ = {
			isa = PBXShellScriptBuildPhase;
			buildActionMask = 2147483647;
			files = (
			);
			inputPaths = (
			);
			name = "[CP] Embed Pods Frameworks";
			outputPaths = (
			);
			runOnlyForDeploymentPostprocessing = 0;
			shellPath = /bin/sh;
			shellScript = "\"${SRCROOT}/Pods/Target Support Files/Pods-CuritiBus/Pods-CuritiBus-frameworks.sh\"\n";
			showEnvVarsInLog = 0;
		};
		3FBCCEA21EED929E00D67F5A /* Fabric */ = {
			isa = PBXShellScriptBuildPhase;
			buildActionMask = 8;
			files = (
			);
			inputPaths = (
			);
			name = Fabric;
			outputPaths = (
			);
			runOnlyForDeploymentPostprocessing = 1;
			shellPath = /bin/sh;
			shellScript = "./Fabric.framework/run 2298986a37b0a43495aa619c8e5f3b86dab412b0 d6d60be7358bf1acc6bdd55e2c4512f923060486155160c121469d29333f57d7";
		};
		9B5BE61FD48407DE6A75A8E9 /* [CP] Check Pods Manifest.lock */ = {
			isa = PBXShellScriptBuildPhase;
			buildActionMask = 2147483647;
			files = (
			);
			inputPaths = (
			);
			name = "[CP] Check Pods Manifest.lock";
			outputPaths = (
			);
			runOnlyForDeploymentPostprocessing = 0;
			shellPath = /bin/sh;
			shellScript = "diff \"${PODS_PODFILE_DIR_PATH}/Podfile.lock\" \"${PODS_ROOT}/Manifest.lock\" > /dev/null\nif [ $? != 0 ] ; then\n    # print error to STDERR\n    echo \"error: The sandbox is not in sync with the Podfile.lock. Run 'pod install' or update your CocoaPods installation.\" >&2\n    exit 1\nfi\n";
			showEnvVarsInLog = 0;
		};
		A206F63E737D84A71882A8EB /* [CP] Copy Pods Resources */ = {
			isa = PBXShellScriptBuildPhase;
			buildActionMask = 2147483647;
			files = (
			);
			inputPaths = (
			);
			name = "[CP] Copy Pods Resources";
			outputPaths = (
			);
			runOnlyForDeploymentPostprocessing = 0;
			shellPath = /bin/sh;
			shellScript = "\"${SRCROOT}/Pods/Target Support Files/Pods-CuritiBus/Pods-CuritiBus-resources.sh\"\n";
			showEnvVarsInLog = 0;
		};
/* End PBXShellScriptBuildPhase section */

/* Begin PBXSourcesBuildPhase section */
		E5DF2BEB1EAD2CA00026E795 /* Sources */ = {
			isa = PBXSourcesBuildPhase;
			buildActionMask = 2147483647;
			files = (
				3FD2A2641EF5D4CC00EC5248 /* IMapView.swift in Sources */,
				3F9EAC5D1EF0AC7E00B88662 /* VehicleScheduleEndpoint.swift in Sources */,
				3F40C1781EF0013B00AB876A /* Vehicle.swift in Sources */,
				3FFA979A1EF55DE9005A6D8A /* StopEndpoint.swift in Sources */,
				3F5E51711EF409CC00EA4638 /* LineSchedule.swift in Sources */,
				3FBCCEA91EEDDDEB00D67F5A /* Router.swift in Sources */,
				3FBCCE911EED8AFB00D67F5A /* LocalizedString.swift in Sources */,
				E5DF2C1E1EAD301D0026E795 /* UserDefaults.swift in Sources */,
				3F34196B1EEDF5F100412D1E /* IRegisterPresenter.swift in Sources */,
				3F34196D1EEDF5FB00412D1E /* RegisterPresenter.swift in Sources */,
				E5DF2C3B1EAD348B0026E795 /* ErrorWrapperPlugin.swift in Sources */,
				3F0465BF1EEF777500E93110 /* BaseInteractor.swift in Sources */,
				3FFC1A281EF3492E00C7E158 /* Line.swift in Sources */,
				3FFC1A261EF3474000C7E158 /* MetroLine.swift in Sources */,
				3FBCCEA71EEDDDA700D67F5A /* AppNavigation.swift in Sources */,
				3FD2A2681EF5D4DD00EC5248 /* MapPresenter.swift in Sources */,
				3F9EAC611EF0ADBE00B88662 /* VehicleScheduleInteractor.swift in Sources */,
				3F9EAC5B1EF0AC7200B88662 /* LineScheduleEndpoint.swift in Sources */,
				3FD2A2661EF5D4D600EC5248 /* IMapPresenter.swift in Sources */,
				3F3419701EEDF9B300412D1E /* IEmailView.swift in Sources */,
				3F40C17B1EF004A400AB876A /* VehicleEndpoint.swift in Sources */,
				3F9EAC691EF0C44300B88662 /* SessionManager.swift in Sources */,
				3FD2A2711EF60B5400EC5248 /* MetroStop.swift in Sources */,
				E5DF2C141EAD2EB00026E795 /* AppDelegate.swift in Sources */,
				3F9EAC651EF0BFEA00B88662 /* IHomePresenter.swift in Sources */,
				3F9EAC5F1EF0ADB300B88662 /* LineScheduleInteractor.swift in Sources */,
				E5DF2C261EAD30710026E795 /* APIObserver.swift in Sources */,
				E5DF2C281EAD30710026E795 /* BaseTargetType.swift in Sources */,
				3F0465BD1EEF6BC600E93110 /* DBManager.swift in Sources */,
				3FD2A2721EF60B5400EC5248 /* MetroStopsCourse.swift in Sources */,
				3F3419691EEDF5E600412D1E /* IRegisterView.swift in Sources */,
				E546EE9E1EAD41C000CC7BE9 /* LineInteractor.swift in Sources */,
				3FD2A26A1EF5EE8700EC5248 /* MetroPath.swift in Sources */,
				3FD2A2621EF5D4C400EC5248 /* MapViewController.swift in Sources */,
				E5DF2C271EAD30710026E795 /* BaseMoyaProvider.swift in Sources */,
				3F0964711EAE296D00D658A1 /* UrbsAuth.swift in Sources */,
				3F3419671EEDF43200412D1E /* HomeViewController.swift in Sources */,
				3F9EAC631EF0BFDC00B88662 /* IHomeView.swift in Sources */,
				E5DF2C2A1EAD30710026E795 /* ErrorResponse.swift in Sources */,
				3F3419721EEDF9BB00412D1E /* EmailViewController.swift in Sources */,
				3FFE39C11EF2AF6F00A0A4C0 /* AppColors.swift in Sources */,
				3FFA979B1EF55DE9005A6D8A /* StopInteractor.swift in Sources */,
				3F3419761EEDF9D000412D1E /* EmailSignUpPresenter.swift in Sources */,
				3F5E51721EF409CC00EA4638 /* VehicleSchedule.swift in Sources */,
				3F3419801EEE167900412D1E /* Fonts.swift in Sources */,
				E546EE9C1EAD41B400CC7BE9 /* LineEndpoint.swift in Sources */,
				E5DF2C321EAD33200026E795 /* UIDevice-Hardware.swift in Sources */,
				3FBCCEAC1EEDDE8100D67F5A /* RegisterViewController.swift in Sources */,
				E5DF2C3C1EAD348B0026E795 /* LoggerPlugin.swift in Sources */,
				3FFA97971EF55DBE005A6D8A /* UrbsStop.swift in Sources */,
				3FBCCE8D1EED8A8200D67F5A /* AlertHelper.swift in Sources */,
				E5DF2C1C1EAD2FFC0026E795 /* URLs.swift in Sources */,
				E546EEA31EAD463100CC7BE9 /* UrbsLine.swift in Sources */,
				E5DF2C1A1EAD2FF30026E795 /* Constants.swift in Sources */,
				3F9EAC671EF0BFF300B88662 /* HomePresenter.swift in Sources */,
				3FBCCE8F1EED8ABD00D67F5A /* Storyboard.swift in Sources */,
				3F754CFA1EF200C0003749A2 /* UserLinesManager.swift in Sources */,
				E5DF2C2B1EAD30710026E795 /* Response+Error.swift in Sources */,
				3F3419781EEDF9E500412D1E /* EmailSignInPresenter.swift in Sources */,
				3F754CFD1EF21536003749A2 /* UserLineCell.swift in Sources */,
				3FD2A25F1EF5CE7F00EC5248 /* ResultHeaderCell.swift in Sources */,
				3FBCCE991EED8C3000D67F5A /* SplashViewController.swift in Sources */,
				3F3419741EEDF9C300412D1E /* IEmailPresenter.swift in Sources */,
				3F40C17F1EF004C400AB876A /* VehicleInteractor.swift in Sources */,
			);
			runOnlyForDeploymentPostprocessing = 0;
		};
/* End PBXSourcesBuildPhase section */

/* Begin PBXVariantGroup section */
		3F3419821EEE17A600412D1E /* Localizable.strings */ = {
			isa = PBXVariantGroup;
			children = (
				3F3419831EEE17A600412D1E /* pt-BR */,
			);
			name = Localizable.strings;
			sourceTree = "<group>";
		};
/* End PBXVariantGroup section */

/* Begin XCBuildConfiguration section */
		E5DF2BFF1EAD2CA00026E795 /* Debug */ = {
			isa = XCBuildConfiguration;
			buildSettings = {
				ALWAYS_SEARCH_USER_PATHS = NO;
				CLANG_ANALYZER_NONNULL = YES;
				CLANG_ANALYZER_NUMBER_OBJECT_CONVERSION = YES_AGGRESSIVE;
				CLANG_CXX_LANGUAGE_STANDARD = "gnu++0x";
				CLANG_CXX_LIBRARY = "libc++";
				CLANG_ENABLE_MODULES = YES;
				CLANG_ENABLE_OBJC_ARC = YES;
				CLANG_WARN_BOOL_CONVERSION = YES;
				CLANG_WARN_CONSTANT_CONVERSION = YES;
				CLANG_WARN_DIRECT_OBJC_ISA_USAGE = YES_ERROR;
				CLANG_WARN_DOCUMENTATION_COMMENTS = YES;
				CLANG_WARN_EMPTY_BODY = YES;
				CLANG_WARN_ENUM_CONVERSION = YES;
				CLANG_WARN_INFINITE_RECURSION = YES;
				CLANG_WARN_INT_CONVERSION = YES;
				CLANG_WARN_OBJC_ROOT_CLASS = YES_ERROR;
				CLANG_WARN_SUSPICIOUS_MOVE = YES;
				CLANG_WARN_UNREACHABLE_CODE = YES;
				CLANG_WARN__DUPLICATE_METHOD_MATCH = YES;
				"CODE_SIGN_IDENTITY[sdk=iphoneos*]" = "iPhone Developer";
				COPY_PHASE_STRIP = NO;
				DEBUG_INFORMATION_FORMAT = dwarf;
				ENABLE_STRICT_OBJC_MSGSEND = YES;
				ENABLE_TESTABILITY = YES;
				GCC_C_LANGUAGE_STANDARD = gnu99;
				GCC_DYNAMIC_NO_PIC = NO;
				GCC_NO_COMMON_BLOCKS = YES;
				GCC_OPTIMIZATION_LEVEL = 0;
				GCC_PREPROCESSOR_DEFINITIONS = (
					"DEBUG=1",
					"$(inherited)",
				);
				GCC_WARN_64_TO_32_BIT_CONVERSION = YES;
				GCC_WARN_ABOUT_RETURN_TYPE = YES_ERROR;
				GCC_WARN_UNDECLARED_SELECTOR = YES;
				GCC_WARN_UNINITIALIZED_AUTOS = YES_AGGRESSIVE;
				GCC_WARN_UNUSED_FUNCTION = YES;
				GCC_WARN_UNUSED_VARIABLE = YES;
				IPHONEOS_DEPLOYMENT_TARGET = 10.3;
				MTL_ENABLE_DEBUG_INFO = YES;
				ONLY_ACTIVE_ARCH = YES;
				SDKROOT = iphoneos;
				SWIFT_ACTIVE_COMPILATION_CONDITIONS = DEBUG;
				SWIFT_OPTIMIZATION_LEVEL = "-Onone";
				TARGETED_DEVICE_FAMILY = "1,2";
			};
			name = Debug;
		};
		E5DF2C001EAD2CA00026E795 /* Release */ = {
			isa = XCBuildConfiguration;
			buildSettings = {
				ALWAYS_SEARCH_USER_PATHS = NO;
				CLANG_ANALYZER_NONNULL = YES;
				CLANG_ANALYZER_NUMBER_OBJECT_CONVERSION = YES_AGGRESSIVE;
				CLANG_CXX_LANGUAGE_STANDARD = "gnu++0x";
				CLANG_CXX_LIBRARY = "libc++";
				CLANG_ENABLE_MODULES = YES;
				CLANG_ENABLE_OBJC_ARC = YES;
				CLANG_WARN_BOOL_CONVERSION = YES;
				CLANG_WARN_CONSTANT_CONVERSION = YES;
				CLANG_WARN_DIRECT_OBJC_ISA_USAGE = YES_ERROR;
				CLANG_WARN_DOCUMENTATION_COMMENTS = YES;
				CLANG_WARN_EMPTY_BODY = YES;
				CLANG_WARN_ENUM_CONVERSION = YES;
				CLANG_WARN_INFINITE_RECURSION = YES;
				CLANG_WARN_INT_CONVERSION = YES;
				CLANG_WARN_OBJC_ROOT_CLASS = YES_ERROR;
				CLANG_WARN_SUSPICIOUS_MOVE = YES;
				CLANG_WARN_UNREACHABLE_CODE = YES;
				CLANG_WARN__DUPLICATE_METHOD_MATCH = YES;
				"CODE_SIGN_IDENTITY[sdk=iphoneos*]" = "iPhone Developer";
				COPY_PHASE_STRIP = NO;
				DEBUG_INFORMATION_FORMAT = "dwarf-with-dsym";
				ENABLE_NS_ASSERTIONS = NO;
				ENABLE_STRICT_OBJC_MSGSEND = YES;
				GCC_C_LANGUAGE_STANDARD = gnu99;
				GCC_NO_COMMON_BLOCKS = YES;
				GCC_WARN_64_TO_32_BIT_CONVERSION = YES;
				GCC_WARN_ABOUT_RETURN_TYPE = YES_ERROR;
				GCC_WARN_UNDECLARED_SELECTOR = YES;
				GCC_WARN_UNINITIALIZED_AUTOS = YES_AGGRESSIVE;
				GCC_WARN_UNUSED_FUNCTION = YES;
				GCC_WARN_UNUSED_VARIABLE = YES;
				IPHONEOS_DEPLOYMENT_TARGET = 10.3;
				MTL_ENABLE_DEBUG_INFO = NO;
				SDKROOT = iphoneos;
				SWIFT_OPTIMIZATION_LEVEL = "-Owholemodule";
				TARGETED_DEVICE_FAMILY = "1,2";
				VALIDATE_PRODUCT = YES;
			};
			name = Release;
		};
		E5DF2C021EAD2CA00026E795 /* Debug */ = {
			isa = XCBuildConfiguration;
			baseConfigurationReference = E125EC98E76ED552C657F069 /* Pods-CuritiBus.debug.xcconfig */;
			buildSettings = {
				ASSETCATALOG_COMPILER_APPICON_NAME = AppIcon;
				DEVELOPMENT_TEAM = D97MJ3844Q;
				INFOPLIST_FILE = CuritiBus/Client/Info.plist;
				LD_RUNPATH_SEARCH_PATHS = "$(inherited) @executable_path/Frameworks";
				PRODUCT_BUNDLE_IDENTIFIER = com.4loop.BusaoCuritiba;
				PRODUCT_NAME = "$(TARGET_NAME)";
				SWIFT_VERSION = 3.0;
			};
			name = Debug;
		};
		E5DF2C031EAD2CA00026E795 /* Release */ = {
			isa = XCBuildConfiguration;
			baseConfigurationReference = A6EE6A4E87B72F4611F29D76 /* Pods-CuritiBus.release.xcconfig */;
			buildSettings = {
				ASSETCATALOG_COMPILER_APPICON_NAME = AppIcon;
				DEVELOPMENT_TEAM = D97MJ3844Q;
				INFOPLIST_FILE = CuritiBus/Client/Info.plist;
				LD_RUNPATH_SEARCH_PATHS = "$(inherited) @executable_path/Frameworks";
				PRODUCT_BUNDLE_IDENTIFIER = com.4loop.BusaoCuritiba;
				PRODUCT_NAME = "$(TARGET_NAME)";
				SWIFT_VERSION = 3.0;
			};
			name = Release;
		};
/* End XCBuildConfiguration section */

/* Begin XCConfigurationList section */
		E5DF2BEA1EAD2CA00026E795 /* Build configuration list for PBXProject "CuritiBus" */ = {
			isa = XCConfigurationList;
			buildConfigurations = (
				E5DF2BFF1EAD2CA00026E795 /* Debug */,
				E5DF2C001EAD2CA00026E795 /* Release */,
			);
			defaultConfigurationIsVisible = 0;
			defaultConfigurationName = Release;
		};
		E5DF2C011EAD2CA00026E795 /* Build configuration list for PBXNativeTarget "CuritiBus" */ = {
			isa = XCConfigurationList;
			buildConfigurations = (
				E5DF2C021EAD2CA00026E795 /* Debug */,
				E5DF2C031EAD2CA00026E795 /* Release */,
			);
			defaultConfigurationIsVisible = 0;
			defaultConfigurationName = Release;
		};
/* End XCConfigurationList section */
	};
	rootObject = E5DF2BE71EAD2CA00026E795 /* Project object */;
}
