// !$*UTF8*$!
{
	archiveVersion = 1;
	classes = {
	};
	objectVersion = 52;
	objects = {

/* Begin PBXBuildFile section */
		3F32C10F2325301200A08240 /* LaunchScreen.storyboard in Resources */ = {isa = PBXBuildFile; fileRef = 3F32C10D2325301200A08240 /* LaunchScreen.storyboard */; };
		3F32C1102325301200A08240 /* Main.storyboard in Resources */ = {isa = PBXBuildFile; fileRef = 3F32C10E2325301200A08240 /* Main.storyboard */; };
		3F32C1192325386200A08240 /* UserGateway.swift in Sources */ = {isa = PBXBuildFile; fileRef = 3F32C1182325386200A08240 /* UserGateway.swift */; };
		3F32C11B2325388D00A08240 /* User.swift in Sources */ = {isa = PBXBuildFile; fileRef = 3F32C11A2325388D00A08240 /* User.swift */; };
		3F32C11D2325391100A08240 /* SignInUseCase.swift in Sources */ = {isa = PBXBuildFile; fileRef = 3F32C11C2325391100A08240 /* SignInUseCase.swift */; };
		3F32C1202325393400A08240 /* SignInReq.swift in Sources */ = {isa = PBXBuildFile; fileRef = 3F32C11F2325393400A08240 /* SignInReq.swift */; };
		3F32C124232539CC00A08240 /* APIUserGateway.swift in Sources */ = {isa = PBXBuildFile; fileRef = 3F32C123232539CC00A08240 /* APIUserGateway.swift */; };
		3F32C126232539F400A08240 /* UserRequests.swift in Sources */ = {isa = PBXBuildFile; fileRef = 3F32C125232539F400A08240 /* UserRequests.swift */; };
		3F32C12923253AC600A08240 /* APIClient in Frameworks */ = {isa = PBXBuildFile; productRef = 3F32C12823253AC600A08240 /* APIClient */; };
		3F32C12B23253B2100A08240 /* Urls.swift in Sources */ = {isa = PBXBuildFile; fileRef = 3F32C12A23253B2100A08240 /* Urls.swift */; };
		3F32C12D23253C1C00A08240 /* Environments.swift in Sources */ = {isa = PBXBuildFile; fileRef = 3F32C12C23253C1C00A08240 /* Environments.swift */; };
		3F7B14632327012700026D66 /* GatewayFactory.swift in Sources */ = {isa = PBXBuildFile; fileRef = 3F7B14622327012700026D66 /* GatewayFactory.swift */; };
		3F7B1465232701CC00026D66 /* UseCaseFactory.swift in Sources */ = {isa = PBXBuildFile; fileRef = 3F7B1464232701CC00026D66 /* UseCaseFactory.swift */; };
		3F7B146A23270E2800026D66 /* AuthManager.swift in Sources */ = {isa = PBXBuildFile; fileRef = 3F7B146923270E2800026D66 /* AuthManager.swift */; };
		3F7B146D23270ECA00026D66 /* FacebookAuthProvider.swift in Sources */ = {isa = PBXBuildFile; fileRef = 3F7B146C23270ECA00026D66 /* FacebookAuthProvider.swift */; };
		3F7B146F23271BA800026D66 /* AppleAuthProvider.swift in Sources */ = {isa = PBXBuildFile; fileRef = 3F7B146E23271BA800026D66 /* AppleAuthProvider.swift */; };
		3F7B147523272F9E00026D66 /* HomeViewRouter.swift in Sources */ = {isa = PBXBuildFile; fileRef = 3F7B147123272F9E00026D66 /* HomeViewRouter.swift */; };
		3F7B147623272F9E00026D66 /* HomePresenter.swift in Sources */ = {isa = PBXBuildFile; fileRef = 3F7B147223272F9E00026D66 /* HomePresenter.swift */; };
		3F7B147723272F9E00026D66 /* HomeViewController.swift in Sources */ = {isa = PBXBuildFile; fileRef = 3F7B147323272F9E00026D66 /* HomeViewController.swift */; };
		3F7B147823272F9E00026D66 /* HomeConfigurator.swift in Sources */ = {isa = PBXBuildFile; fileRef = 3F7B147423272F9E00026D66 /* HomeConfigurator.swift */; };
		3F7B147B2327304200026D66 /* Storyboard.swift in Sources */ = {isa = PBXBuildFile; fileRef = 3F7B147A2327304200026D66 /* Storyboard.swift */; };
		3F7B147D2327309300026D66 /* RouterFactory.swift in Sources */ = {isa = PBXBuildFile; fileRef = 3F7B147C2327309300026D66 /* RouterFactory.swift */; };
		3F7B148023273E7000026D66 /* LoginPresenter+Apple.swift in Sources */ = {isa = PBXBuildFile; fileRef = 3F7B147F23273E7000026D66 /* LoginPresenter+Apple.swift */; };
		3F7B148223273F1600026D66 /* LoginPresenter+Facebook.swift in Sources */ = {isa = PBXBuildFile; fileRef = 3F7B148123273F1600026D66 /* LoginPresenter+Facebook.swift */; };
		3F7B14852327450D00026D66 /* VideoViewController.swift in Sources */ = {isa = PBXBuildFile; fileRef = 3F7B14842327450D00026D66 /* VideoViewController.swift */; };
		3F7B14892327460700026D66 /* bgvideo.mov in Resources */ = {isa = PBXBuildFile; fileRef = 3F7B14882327460700026D66 /* bgvideo.mov */; };
		3F80E5E7232590C7004EFB8C /* LoginViewRouter.swift in Sources */ = {isa = PBXBuildFile; fileRef = 3F80E5E3232590C7004EFB8C /* LoginViewRouter.swift */; };
		3F80E5E8232590C7004EFB8C /* LoginPresenter.swift in Sources */ = {isa = PBXBuildFile; fileRef = 3F80E5E4232590C7004EFB8C /* LoginPresenter.swift */; };
		3F80E5E9232590C7004EFB8C /* LoginViewController.swift in Sources */ = {isa = PBXBuildFile; fileRef = 3F80E5E5232590C7004EFB8C /* LoginViewController.swift */; };
		3F80E5EA232590C7004EFB8C /* LoginConfigurator.swift in Sources */ = {isa = PBXBuildFile; fileRef = 3F80E5E6232590C7004EFB8C /* LoginConfigurator.swift */; };
		3FA68E8123252E0900AA77FD /* AppDelegate.swift in Sources */ = {isa = PBXBuildFile; fileRef = 3FA68E8023252E0900AA77FD /* AppDelegate.swift */; };
		3FA68E8A23252E0B00AA77FD /* Assets.xcassets in Resources */ = {isa = PBXBuildFile; fileRef = 3FA68E8923252E0B00AA77FD /* Assets.xcassets */; };
		3FA68E9823252E0B00AA77FD /* CuritiBusTests.swift in Sources */ = {isa = PBXBuildFile; fileRef = 3FA68E9723252E0B00AA77FD /* CuritiBusTests.swift */; };
		3FA68EA323252E0B00AA77FD /* CuritiBusUITests.swift in Sources */ = {isa = PBXBuildFile; fileRef = 3FA68EA223252E0B00AA77FD /* CuritiBusUITests.swift */; };
		7E58256639356FA449996074 /* Pods_CuritiBus.framework in Frameworks */ = {isa = PBXBuildFile; fileRef = B0E9942B868ABF3F351069CA /* Pods_CuritiBus.framework */; };
/* End PBXBuildFile section */

/* Begin PBXContainerItemProxy section */
		3FA68E9423252E0B00AA77FD /* PBXContainerItemProxy */ = {
			isa = PBXContainerItemProxy;
			containerPortal = 3FA68E7523252E0900AA77FD /* Project object */;
			proxyType = 1;
			remoteGlobalIDString = 3FA68E7C23252E0900AA77FD;
			remoteInfo = CuritiBus;
		};
		3FA68E9F23252E0B00AA77FD /* PBXContainerItemProxy */ = {
			isa = PBXContainerItemProxy;
			containerPortal = 3FA68E7523252E0900AA77FD /* Project object */;
			proxyType = 1;
			remoteGlobalIDString = 3FA68E7C23252E0900AA77FD;
			remoteInfo = CuritiBus;
		};
/* End PBXContainerItemProxy section */

/* Begin PBXFileReference section */
		31F582EEDB82B80BEDB6DC30 /* Pods-CuritiBus.release.xcconfig */ = {isa = PBXFileReference; includeInIndex = 1; lastKnownFileType = text.xcconfig; name = "Pods-CuritiBus.release.xcconfig"; path = "Target Support Files/Pods-CuritiBus/Pods-CuritiBus.release.xcconfig"; sourceTree = "<group>"; };
		3F32C10D2325301200A08240 /* LaunchScreen.storyboard */ = {isa = PBXFileReference; fileEncoding = 4; lastKnownFileType = file.storyboard; path = LaunchScreen.storyboard; sourceTree = "<group>"; };
		3F32C10E2325301200A08240 /* Main.storyboard */ = {isa = PBXFileReference; fileEncoding = 4; lastKnownFileType = file.storyboard; path = Main.storyboard; sourceTree = "<group>"; };
		3F32C1182325386200A08240 /* UserGateway.swift */ = {isa = PBXFileReference; lastKnownFileType = sourcecode.swift; path = UserGateway.swift; sourceTree = "<group>"; };
		3F32C11A2325388D00A08240 /* User.swift */ = {isa = PBXFileReference; lastKnownFileType = sourcecode.swift; path = User.swift; sourceTree = "<group>"; };
		3F32C11C2325391100A08240 /* SignInUseCase.swift */ = {isa = PBXFileReference; lastKnownFileType = sourcecode.swift; path = SignInUseCase.swift; sourceTree = "<group>"; };
		3F32C11F2325393400A08240 /* SignInReq.swift */ = {isa = PBXFileReference; lastKnownFileType = sourcecode.swift; path = SignInReq.swift; sourceTree = "<group>"; };
		3F32C123232539CC00A08240 /* APIUserGateway.swift */ = {isa = PBXFileReference; lastKnownFileType = sourcecode.swift; path = APIUserGateway.swift; sourceTree = "<group>"; };
		3F32C125232539F400A08240 /* UserRequests.swift */ = {isa = PBXFileReference; lastKnownFileType = sourcecode.swift; path = UserRequests.swift; sourceTree = "<group>"; };
		3F32C12A23253B2100A08240 /* Urls.swift */ = {isa = PBXFileReference; lastKnownFileType = sourcecode.swift; path = Urls.swift; sourceTree = "<group>"; };
		3F32C12C23253C1C00A08240 /* Environments.swift */ = {isa = PBXFileReference; lastKnownFileType = sourcecode.swift; path = Environments.swift; sourceTree = "<group>"; };
		3F7B14622327012700026D66 /* GatewayFactory.swift */ = {isa = PBXFileReference; lastKnownFileType = sourcecode.swift; path = GatewayFactory.swift; sourceTree = "<group>"; };
		3F7B1464232701CC00026D66 /* UseCaseFactory.swift */ = {isa = PBXFileReference; lastKnownFileType = sourcecode.swift; path = UseCaseFactory.swift; sourceTree = "<group>"; };
		3F7B146923270E2800026D66 /* AuthManager.swift */ = {isa = PBXFileReference; lastKnownFileType = sourcecode.swift; path = AuthManager.swift; sourceTree = "<group>"; };
		3F7B146C23270ECA00026D66 /* FacebookAuthProvider.swift */ = {isa = PBXFileReference; lastKnownFileType = sourcecode.swift; path = FacebookAuthProvider.swift; sourceTree = "<group>"; };
		3F7B146E23271BA800026D66 /* AppleAuthProvider.swift */ = {isa = PBXFileReference; lastKnownFileType = sourcecode.swift; path = AppleAuthProvider.swift; sourceTree = "<group>"; };
		3F7B147123272F9E00026D66 /* HomeViewRouter.swift */ = {isa = PBXFileReference; lastKnownFileType = sourcecode.swift; path = HomeViewRouter.swift; sourceTree = "<group>"; };
		3F7B147223272F9E00026D66 /* HomePresenter.swift */ = {isa = PBXFileReference; lastKnownFileType = sourcecode.swift; path = HomePresenter.swift; sourceTree = "<group>"; };
		3F7B147323272F9E00026D66 /* HomeViewController.swift */ = {isa = PBXFileReference; lastKnownFileType = sourcecode.swift; path = HomeViewController.swift; sourceTree = "<group>"; };
		3F7B147423272F9E00026D66 /* HomeConfigurator.swift */ = {isa = PBXFileReference; lastKnownFileType = sourcecode.swift; path = HomeConfigurator.swift; sourceTree = "<group>"; };
		3F7B147A2327304200026D66 /* Storyboard.swift */ = {isa = PBXFileReference; fileEncoding = 4; lastKnownFileType = sourcecode.swift; path = Storyboard.swift; sourceTree = "<group>"; };
		3F7B147C2327309300026D66 /* RouterFactory.swift */ = {isa = PBXFileReference; lastKnownFileType = sourcecode.swift; path = RouterFactory.swift; sourceTree = "<group>"; };
		3F7B147F23273E7000026D66 /* LoginPresenter+Apple.swift */ = {isa = PBXFileReference; lastKnownFileType = sourcecode.swift; path = "LoginPresenter+Apple.swift"; sourceTree = "<group>"; };
		3F7B148123273F1600026D66 /* LoginPresenter+Facebook.swift */ = {isa = PBXFileReference; lastKnownFileType = sourcecode.swift; path = "LoginPresenter+Facebook.swift"; sourceTree = "<group>"; };
		3F7B14842327450D00026D66 /* VideoViewController.swift */ = {isa = PBXFileReference; lastKnownFileType = sourcecode.swift; path = VideoViewController.swift; sourceTree = "<group>"; };
		3F7B14882327460700026D66 /* bgvideo.mov */ = {isa = PBXFileReference; lastKnownFileType = video.quicktime; path = bgvideo.mov; sourceTree = "<group>"; };
		3F80E5E123256E12004EFB8C /* CuritiBus.entitlements */ = {isa = PBXFileReference; lastKnownFileType = text.plist.entitlements; path = CuritiBus.entitlements; sourceTree = "<group>"; };
		3F80E5E3232590C7004EFB8C /* LoginViewRouter.swift */ = {isa = PBXFileReference; lastKnownFileType = sourcecode.swift; path = LoginViewRouter.swift; sourceTree = "<group>"; };
		3F80E5E4232590C7004EFB8C /* LoginPresenter.swift */ = {isa = PBXFileReference; lastKnownFileType = sourcecode.swift; path = LoginPresenter.swift; sourceTree = "<group>"; };
		3F80E5E5232590C7004EFB8C /* LoginViewController.swift */ = {isa = PBXFileReference; lastKnownFileType = sourcecode.swift; path = LoginViewController.swift; sourceTree = "<group>"; };
		3F80E5E6232590C7004EFB8C /* LoginConfigurator.swift */ = {isa = PBXFileReference; lastKnownFileType = sourcecode.swift; path = LoginConfigurator.swift; sourceTree = "<group>"; };
		3FA68E7D23252E0900AA77FD /* CuritiBus.app */ = {isa = PBXFileReference; explicitFileType = wrapper.application; includeInIndex = 0; path = CuritiBus.app; sourceTree = BUILT_PRODUCTS_DIR; };
		3FA68E8023252E0900AA77FD /* AppDelegate.swift */ = {isa = PBXFileReference; lastKnownFileType = sourcecode.swift; path = AppDelegate.swift; sourceTree = "<group>"; };
		3FA68E8223252E0900AA77FD /* SceneDelegate.swift */ = {isa = PBXFileReference; lastKnownFileType = sourcecode.swift; path = SceneDelegate.swift; sourceTree = "<group>"; };
		3FA68E8923252E0B00AA77FD /* Assets.xcassets */ = {isa = PBXFileReference; lastKnownFileType = folder.assetcatalog; path = Assets.xcassets; sourceTree = "<group>"; };
		3FA68E8E23252E0B00AA77FD /* Info.plist */ = {isa = PBXFileReference; lastKnownFileType = text.plist.xml; path = Info.plist; sourceTree = "<group>"; };
		3FA68E9323252E0B00AA77FD /* CuritiBusTests.xctest */ = {isa = PBXFileReference; explicitFileType = wrapper.cfbundle; includeInIndex = 0; path = CuritiBusTests.xctest; sourceTree = BUILT_PRODUCTS_DIR; };
		3FA68E9723252E0B00AA77FD /* CuritiBusTests.swift */ = {isa = PBXFileReference; lastKnownFileType = sourcecode.swift; path = CuritiBusTests.swift; sourceTree = "<group>"; };
		3FA68E9923252E0B00AA77FD /* Info.plist */ = {isa = PBXFileReference; lastKnownFileType = text.plist.xml; path = Info.plist; sourceTree = "<group>"; };
		3FA68E9E23252E0B00AA77FD /* CuritiBusUITests.xctest */ = {isa = PBXFileReference; explicitFileType = wrapper.cfbundle; includeInIndex = 0; path = CuritiBusUITests.xctest; sourceTree = BUILT_PRODUCTS_DIR; };
		3FA68EA223252E0B00AA77FD /* CuritiBusUITests.swift */ = {isa = PBXFileReference; lastKnownFileType = sourcecode.swift; path = CuritiBusUITests.swift; sourceTree = "<group>"; };
		3FA68EA423252E0B00AA77FD /* Info.plist */ = {isa = PBXFileReference; lastKnownFileType = text.plist.xml; path = Info.plist; sourceTree = "<group>"; };
		7D6F76099C2AD99CB98994C8 /* Pods-CuritiBus.debug.xcconfig */ = {isa = PBXFileReference; includeInIndex = 1; lastKnownFileType = text.xcconfig; name = "Pods-CuritiBus.debug.xcconfig"; path = "Target Support Files/Pods-CuritiBus/Pods-CuritiBus.debug.xcconfig"; sourceTree = "<group>"; };
		B0E9942B868ABF3F351069CA /* Pods_CuritiBus.framework */ = {isa = PBXFileReference; explicitFileType = wrapper.framework; includeInIndex = 0; path = Pods_CuritiBus.framework; sourceTree = BUILT_PRODUCTS_DIR; };
/* End PBXFileReference section */

/* Begin PBXFrameworksBuildPhase section */
		3FA68E7A23252E0900AA77FD /* Frameworks */ = {
			isa = PBXFrameworksBuildPhase;
			buildActionMask = 2147483647;
			files = (
				3F32C12923253AC600A08240 /* APIClient in Frameworks */,
				7E58256639356FA449996074 /* Pods_CuritiBus.framework in Frameworks */,
			);
			runOnlyForDeploymentPostprocessing = 0;
		};
		3FA68E9023252E0B00AA77FD /* Frameworks */ = {
			isa = PBXFrameworksBuildPhase;
			buildActionMask = 2147483647;
			files = (
			);
			runOnlyForDeploymentPostprocessing = 0;
		};
		3FA68E9B23252E0B00AA77FD /* Frameworks */ = {
			isa = PBXFrameworksBuildPhase;
			buildActionMask = 2147483647;
			files = (
			);
			runOnlyForDeploymentPostprocessing = 0;
		};
/* End PBXFrameworksBuildPhase section */

/* Begin PBXGroup section */
		3F32C10623252F0200A08240 /* Client */ = {
			isa = PBXGroup;
			children = (
				3FA68E8E23252E0B00AA77FD /* Info.plist */,
				3FA68E8023252E0900AA77FD /* AppDelegate.swift */,
				3FA68E8223252E0900AA77FD /* SceneDelegate.swift */,
			);
			path = Client;
			sourceTree = "<group>";
		};
		3F32C10B23252FA800A08240 /* Resources */ = {
			isa = PBXGroup;
			children = (
				3F32C1112325304E00A08240 /* Images */,
				3F32C10C23252FAD00A08240 /* Storyboards */,
			);
			path = Resources;
			sourceTree = "<group>";
		};
		3F32C10C23252FAD00A08240 /* Storyboards */ = {
			isa = PBXGroup;
			children = (
				3F32C10D2325301200A08240 /* LaunchScreen.storyboard */,
				3F32C10E2325301200A08240 /* Main.storyboard */,
			);
			path = Storyboards;
			sourceTree = "<group>";
		};
		3F32C1112325304E00A08240 /* Images */ = {
			isa = PBXGroup;
			children = (
				3F7B14882327460700026D66 /* bgvideo.mov */,
				3FA68E8923252E0B00AA77FD /* Assets.xcassets */,
			);
			path = Images;
			sourceTree = "<group>";
		};
		3F32C1122325380900A08240 /* Core */ = {
			isa = PBXGroup;
			children = (
				3F7B14612327011300026D66 /* Factories */,
				3F32C1152325383700A08240 /* UseCases */,
				3F32C1172325384F00A08240 /* Gateways */,
				3F32C1162325384600A08240 /* Entities */,
			);
			path = Core;
			sourceTree = "<group>";
		};
		3F32C1132325381C00A08240 /* Gateways */ = {
			isa = PBXGroup;
			children = (
				3F32C121232539AA00A08240 /* API */,
			);
			path = Gateways;
			sourceTree = "<group>";
		};
		3F32C1142325382700A08240 /* Scenes */ = {
			isa = PBXGroup;
			children = (
				3F7B14832327450000026D66 /* Video */,
				3F80E5E2232590BB004EFB8C /* Login */,
				3F7B147023272F8C00026D66 /* Home */,
			);
			path = Scenes;
			sourceTree = "<group>";
		};
		3F32C1152325383700A08240 /* UseCases */ = {
			isa = PBXGroup;
			children = (
				3F32C11C2325391100A08240 /* SignInUseCase.swift */,
			);
			path = UseCases;
			sourceTree = "<group>";
		};
		3F32C1162325384600A08240 /* Entities */ = {
			isa = PBXGroup;
			children = (
				3F32C11E2325392800A08240 /* Request */,
				3F32C11A2325388D00A08240 /* User.swift */,
			);
			path = Entities;
			sourceTree = "<group>";
		};
		3F32C1172325384F00A08240 /* Gateways */ = {
			isa = PBXGroup;
			children = (
				3F32C1182325386200A08240 /* UserGateway.swift */,
			);
			path = Gateways;
			sourceTree = "<group>";
		};
		3F32C11E2325392800A08240 /* Request */ = {
			isa = PBXGroup;
			children = (
				3F32C11F2325393400A08240 /* SignInReq.swift */,
			);
			path = Request;
			sourceTree = "<group>";
		};
		3F32C121232539AA00A08240 /* API */ = {
			isa = PBXGroup;
			children = (
				3F32C12C23253C1C00A08240 /* Environments.swift */,
				3F32C12A23253B2100A08240 /* Urls.swift */,
				3F32C122232539AE00A08240 /* Requests */,
				3F32C123232539CC00A08240 /* APIUserGateway.swift */,
			);
			path = API;
			sourceTree = "<group>";
		};
		3F32C122232539AE00A08240 /* Requests */ = {
			isa = PBXGroup;
			children = (
				3F32C125232539F400A08240 /* UserRequests.swift */,
			);
			path = Requests;
			sourceTree = "<group>";
		};
		3F7B14612327011300026D66 /* Factories */ = {
			isa = PBXGroup;
			children = (
				3F7B14622327012700026D66 /* GatewayFactory.swift */,
				3F7B1464232701CC00026D66 /* UseCaseFactory.swift */,
				3F7B147C2327309300026D66 /* RouterFactory.swift */,
			);
			path = Factories;
			sourceTree = "<group>";
		};
		3F7B146723270E0E00026D66 /* Managers */ = {
			isa = PBXGroup;
			children = (
				3F7B14792327301E00026D66 /* Storyboard */,
				3F7B146823270E1900026D66 /* AuthManager */,
			);
			path = Managers;
			sourceTree = "<group>";
		};
		3F7B146823270E1900026D66 /* AuthManager */ = {
			isa = PBXGroup;
			children = (
				3F7B146923270E2800026D66 /* AuthManager.swift */,
				3F7B146B23270EB900026D66 /* Providers */,
			);
			path = AuthManager;
			sourceTree = "<group>";
		};
		3F7B146B23270EB900026D66 /* Providers */ = {
			isa = PBXGroup;
			children = (
				3F7B146C23270ECA00026D66 /* FacebookAuthProvider.swift */,
				3F7B146E23271BA800026D66 /* AppleAuthProvider.swift */,
			);
			path = Providers;
			sourceTree = "<group>";
		};
		3F7B147023272F8C00026D66 /* Home */ = {
			isa = PBXGroup;
			children = (
				3F7B147323272F9E00026D66 /* HomeViewController.swift */,
				3F7B147223272F9E00026D66 /* HomePresenter.swift */,
				3F7B147123272F9E00026D66 /* HomeViewRouter.swift */,
				3F7B147423272F9E00026D66 /* HomeConfigurator.swift */,
			);
			path = Home;
			sourceTree = "<group>";
		};
		3F7B14792327301E00026D66 /* Storyboard */ = {
			isa = PBXGroup;
			children = (
				3F7B147A2327304200026D66 /* Storyboard.swift */,
			);
			path = Storyboard;
			sourceTree = "<group>";
		};
		3F7B147E23273E6100026D66 /* Presenter */ = {
			isa = PBXGroup;
			children = (
				3F80E5E4232590C7004EFB8C /* LoginPresenter.swift */,
				3F7B147F23273E7000026D66 /* LoginPresenter+Apple.swift */,
				3F7B148123273F1600026D66 /* LoginPresenter+Facebook.swift */,
			);
			path = Presenter;
			sourceTree = "<group>";
		};
		3F7B14832327450000026D66 /* Video */ = {
			isa = PBXGroup;
			children = (
				3F7B14842327450D00026D66 /* VideoViewController.swift */,
			);
			path = Video;
			sourceTree = "<group>";
		};
		3F80E5E2232590BB004EFB8C /* Login */ = {
			isa = PBXGroup;
			children = (
				3F80E5E5232590C7004EFB8C /* LoginViewController.swift */,
				3F7B147E23273E6100026D66 /* Presenter */,
				3F80E5E3232590C7004EFB8C /* LoginViewRouter.swift */,
				3F80E5E6232590C7004EFB8C /* LoginConfigurator.swift */,
			);
			path = Login;
			sourceTree = "<group>";
		};
		3FA68E7423252E0900AA77FD = {
			isa = PBXGroup;
			children = (
				3FA68E7F23252E0900AA77FD /* CuritiBus */,
				3FA68E9623252E0B00AA77FD /* CuritiBusTests */,
				3FA68EA123252E0B00AA77FD /* CuritiBusUITests */,
				3FA68E7E23252E0900AA77FD /* Products */,
				73C6808CC29F268A59E0DAFA /* Pods */,
				65E2AC4CB8A1AA252B48E34B /* Frameworks */,
			);
			sourceTree = "<group>";
		};
		3FA68E7E23252E0900AA77FD /* Products */ = {
			isa = PBXGroup;
			children = (
				3FA68E7D23252E0900AA77FD /* CuritiBus.app */,
				3FA68E9323252E0B00AA77FD /* CuritiBusTests.xctest */,
				3FA68E9E23252E0B00AA77FD /* CuritiBusUITests.xctest */,
			);
			name = Products;
			sourceTree = "<group>";
		};
		3FA68E7F23252E0900AA77FD /* CuritiBus */ = {
			isa = PBXGroup;
			children = (
				3F80E5E123256E12004EFB8C /* CuritiBus.entitlements */,
				3F32C1122325380900A08240 /* Core */,
				3F32C1132325381C00A08240 /* Gateways */,
				3F32C1142325382700A08240 /* Scenes */,
				3F7B146723270E0E00026D66 /* Managers */,
				3F32C10B23252FA800A08240 /* Resources */,
				3F32C10623252F0200A08240 /* Client */,
			);
			path = CuritiBus;
			sourceTree = "<group>";
		};
		3FA68E9623252E0B00AA77FD /* CuritiBusTests */ = {
			isa = PBXGroup;
			children = (
				3FA68E9723252E0B00AA77FD /* CuritiBusTests.swift */,
				3FA68E9923252E0B00AA77FD /* Info.plist */,
			);
			path = CuritiBusTests;
			sourceTree = "<group>";
		};
		3FA68EA123252E0B00AA77FD /* CuritiBusUITests */ = {
			isa = PBXGroup;
			children = (
				3FA68EA223252E0B00AA77FD /* CuritiBusUITests.swift */,
				3FA68EA423252E0B00AA77FD /* Info.plist */,
			);
			path = CuritiBusUITests;
			sourceTree = "<group>";
		};
		65E2AC4CB8A1AA252B48E34B /* Frameworks */ = {
			isa = PBXGroup;
			children = (
				B0E9942B868ABF3F351069CA /* Pods_CuritiBus.framework */,
			);
			name = Frameworks;
			sourceTree = "<group>";
		};
		73C6808CC29F268A59E0DAFA /* Pods */ = {
			isa = PBXGroup;
			children = (
				7D6F76099C2AD99CB98994C8 /* Pods-CuritiBus.debug.xcconfig */,
				31F582EEDB82B80BEDB6DC30 /* Pods-CuritiBus.release.xcconfig */,
			);
			path = Pods;
			sourceTree = "<group>";
		};
/* End PBXGroup section */

/* Begin PBXNativeTarget section */
		3FA68E7C23252E0900AA77FD /* CuritiBus */ = {
			isa = PBXNativeTarget;
			buildConfigurationList = 3FA68EA723252E0B00AA77FD /* Build configuration list for PBXNativeTarget "CuritiBus" */;
			buildPhases = (
				09C70658DA2F967FBCED42EF /* [CP] Check Pods Manifest.lock */,
				3FA68E7923252E0900AA77FD /* Sources */,
				3FA68E7A23252E0900AA77FD /* Frameworks */,
				3FA68E7B23252E0900AA77FD /* Resources */,
				5215234E68CF732AFAB47943 /* [CP] Embed Pods Frameworks */,
				3F7B1466232707DD00026D66 /* Disable ATS */,
			);
			buildRules = (
			);
			dependencies = (
			);
			name = CuritiBus;
			packageProductDependencies = (
				3F32C12823253AC600A08240 /* APIClient */,
			);
			productName = CuritiBus;
			productReference = 3FA68E7D23252E0900AA77FD /* CuritiBus.app */;
			productType = "com.apple.product-type.application";
		};
		3FA68E9223252E0B00AA77FD /* CuritiBusTests */ = {
			isa = PBXNativeTarget;
			buildConfigurationList = 3FA68EAA23252E0B00AA77FD /* Build configuration list for PBXNativeTarget "CuritiBusTests" */;
			buildPhases = (
				3FA68E8F23252E0B00AA77FD /* Sources */,
				3FA68E9023252E0B00AA77FD /* Frameworks */,
				3FA68E9123252E0B00AA77FD /* Resources */,
			);
			buildRules = (
			);
			dependencies = (
				3FA68E9523252E0B00AA77FD /* PBXTargetDependency */,
			);
			name = CuritiBusTests;
			productName = CuritiBusTests;
			productReference = 3FA68E9323252E0B00AA77FD /* CuritiBusTests.xctest */;
			productType = "com.apple.product-type.bundle.unit-test";
		};
		3FA68E9D23252E0B00AA77FD /* CuritiBusUITests */ = {
			isa = PBXNativeTarget;
			buildConfigurationList = 3FA68EAD23252E0B00AA77FD /* Build configuration list for PBXNativeTarget "CuritiBusUITests" */;
			buildPhases = (
				3FA68E9A23252E0B00AA77FD /* Sources */,
				3FA68E9B23252E0B00AA77FD /* Frameworks */,
				3FA68E9C23252E0B00AA77FD /* Resources */,
			);
			buildRules = (
			);
			dependencies = (
				3FA68EA023252E0B00AA77FD /* PBXTargetDependency */,
			);
			name = CuritiBusUITests;
			productName = CuritiBusUITests;
			productReference = 3FA68E9E23252E0B00AA77FD /* CuritiBusUITests.xctest */;
			productType = "com.apple.product-type.bundle.ui-testing";
		};
/* End PBXNativeTarget section */

/* Begin PBXProject section */
		3FA68E7523252E0900AA77FD /* Project object */ = {
			isa = PBXProject;
			attributes = {
				LastSwiftUpdateCheck = 1100;
				LastUpgradeCheck = 1100;
				ORGANIZATIONNAME = "Diego Trevisan Lara";
				TargetAttributes = {
					3FA68E7C23252E0900AA77FD = {
						CreatedOnToolsVersion = 11.0;
					};
					3FA68E9223252E0B00AA77FD = {
						CreatedOnToolsVersion = 11.0;
						TestTargetID = 3FA68E7C23252E0900AA77FD;
					};
					3FA68E9D23252E0B00AA77FD = {
						CreatedOnToolsVersion = 11.0;
						TestTargetID = 3FA68E7C23252E0900AA77FD;
					};
				};
			};
			buildConfigurationList = 3FA68E7823252E0900AA77FD /* Build configuration list for PBXProject "CuritiBus" */;
			compatibilityVersion = "Xcode 9.3";
			developmentRegion = en;
			hasScannedForEncodings = 0;
			knownRegions = (
				en,
				"pt-BR",
			);
			mainGroup = 3FA68E7423252E0900AA77FD;
			packageReferences = (
				3F32C12723253AC600A08240 /* XCRemoteSwiftPackageReference "APIClient" */,
			);
			productRefGroup = 3FA68E7E23252E0900AA77FD /* Products */;
			projectDirPath = "";
			projectRoot = "";
			targets = (
				3FA68E7C23252E0900AA77FD /* CuritiBus */,
				3FA68E9223252E0B00AA77FD /* CuritiBusTests */,
				3FA68E9D23252E0B00AA77FD /* CuritiBusUITests */,
			);
		};
/* End PBXProject section */

/* Begin PBXResourcesBuildPhase section */
		3FA68E7B23252E0900AA77FD /* Resources */ = {
			isa = PBXResourcesBuildPhase;
			buildActionMask = 2147483647;
			files = (
				3F32C1102325301200A08240 /* Main.storyboard in Resources */,
				3FA68E8A23252E0B00AA77FD /* Assets.xcassets in Resources */,
				3F32C10F2325301200A08240 /* LaunchScreen.storyboard in Resources */,
				3F7B14892327460700026D66 /* bgvideo.mov in Resources */,
			);
			runOnlyForDeploymentPostprocessing = 0;
		};
		3FA68E9123252E0B00AA77FD /* Resources */ = {
			isa = PBXResourcesBuildPhase;
			buildActionMask = 2147483647;
			files = (
			);
			runOnlyForDeploymentPostprocessing = 0;
		};
		3FA68E9C23252E0B00AA77FD /* Resources */ = {
			isa = PBXResourcesBuildPhase;
			buildActionMask = 2147483647;
			files = (
			);
			runOnlyForDeploymentPostprocessing = 0;
		};
/* End PBXResourcesBuildPhase section */

/* Begin PBXShellScriptBuildPhase section */
		09C70658DA2F967FBCED42EF /* [CP] Check Pods Manifest.lock */ = {
			isa = PBXShellScriptBuildPhase;
			buildActionMask = 2147483647;
			files = (
			);
			inputFileListPaths = (
			);
			inputPaths = (
				"${PODS_PODFILE_DIR_PATH}/Podfile.lock",
				"${PODS_ROOT}/Manifest.lock",
			);
			name = "[CP] Check Pods Manifest.lock";
			outputFileListPaths = (
			);
			outputPaths = (
				"$(DERIVED_FILE_DIR)/Pods-CuritiBus-checkManifestLockResult.txt",
			);
			runOnlyForDeploymentPostprocessing = 0;
			shellPath = /bin/sh;
			shellScript = "diff \"${PODS_PODFILE_DIR_PATH}/Podfile.lock\" \"${PODS_ROOT}/Manifest.lock\" > /dev/null\nif [ $? != 0 ] ; then\n    # print error to STDERR\n    echo \"error: The sandbox is not in sync with the Podfile.lock. Run 'pod install' or update your CocoaPods installation.\" >&2\n    exit 1\nfi\n# This output is used by Xcode 'outputs' to avoid re-running this script phase.\necho \"SUCCESS\" > \"${SCRIPT_OUTPUT_FILE_0}\"\n";
			showEnvVarsInLog = 0;
		};
		3F7B1466232707DD00026D66 /* Disable ATS */ = {
			isa = PBXShellScriptBuildPhase;
			buildActionMask = 2147483647;
			files = (
			);
			inputFileListPaths = (
			);
			inputPaths = (
			);
			name = "Disable ATS";
			outputFileListPaths = (
			);
			outputPaths = (
			);
			runOnlyForDeploymentPostprocessing = 0;
			shellPath = /bin/sh;
			shellScript = "#Disables ATS in debug builds.\nINFOPLIST=\"${TARGET_BUILD_DIR}\"/\"${INFOPLIST_PATH}\"\ncase \"${CONFIGURATION}\" in\n\"Release\"|\"Adhoc\")\n/usr/libexec/PlistBuddy -c \"Set :NSAppTransportSecurity:NSAllowsArbitraryLoads NO\" \"${INFOPLIST}\"\n;;\n\"Debug\")\n/usr/libexec/PlistBuddy -c \"Set :NSAppTransportSecurity:NSAllowsArbitraryLoads YES\" \"${INFOPLIST}\"\n;; \nesac\n";
		};
		5215234E68CF732AFAB47943 /* [CP] Embed Pods Frameworks */ = {
			isa = PBXShellScriptBuildPhase;
			buildActionMask = 2147483647;
			files = (
			);
			inputFileListPaths = (
				"${PODS_ROOT}/Target Support Files/Pods-CuritiBus/Pods-CuritiBus-frameworks-${CONFIGURATION}-input-files.xcfilelist",
			);
			name = "[CP] Embed Pods Frameworks";
			outputFileListPaths = (
				"${PODS_ROOT}/Target Support Files/Pods-CuritiBus/Pods-CuritiBus-frameworks-${CONFIGURATION}-output-files.xcfilelist",
			);
			runOnlyForDeploymentPostprocessing = 0;
			shellPath = /bin/sh;
			shellScript = "\"${PODS_ROOT}/Target Support Files/Pods-CuritiBus/Pods-CuritiBus-frameworks.sh\"\n";
			showEnvVarsInLog = 0;
		};
/* End PBXShellScriptBuildPhase section */

/* Begin PBXSourcesBuildPhase section */
		3FA68E7923252E0900AA77FD /* Sources */ = {
			isa = PBXSourcesBuildPhase;
			buildActionMask = 2147483647;
			files = (
				3F7B148023273E7000026D66 /* LoginPresenter+Apple.swift in Sources */,
				3F80E5EA232590C7004EFB8C /* LoginConfigurator.swift in Sources */,
				3F7B14852327450D00026D66 /* VideoViewController.swift in Sources */,
				3F7B146D23270ECA00026D66 /* FacebookAuthProvider.swift in Sources */,
				3F7B147B2327304200026D66 /* Storyboard.swift in Sources */,
				3F80E5E8232590C7004EFB8C /* LoginPresenter.swift in Sources */,
				3F7B147623272F9E00026D66 /* HomePresenter.swift in Sources */,
				3F32C12B23253B2100A08240 /* Urls.swift in Sources */,
				3F7B147723272F9E00026D66 /* HomeViewController.swift in Sources */,
				3F32C11B2325388D00A08240 /* User.swift in Sources */,
				3F7B147823272F9E00026D66 /* HomeConfigurator.swift in Sources */,
				3F32C126232539F400A08240 /* UserRequests.swift in Sources */,
				3F32C12D23253C1C00A08240 /* Environments.swift in Sources */,
				3F7B148223273F1600026D66 /* LoginPresenter+Facebook.swift in Sources */,
				3F7B146F23271BA800026D66 /* AppleAuthProvider.swift in Sources */,
				3F80E5E7232590C7004EFB8C /* LoginViewRouter.swift in Sources */,
				3F32C124232539CC00A08240 /* APIUserGateway.swift in Sources */,
				3F32C1202325393400A08240 /* SignInReq.swift in Sources */,
				3F7B146A23270E2800026D66 /* AuthManager.swift in Sources */,
				3F7B14632327012700026D66 /* GatewayFactory.swift in Sources */,
				3F7B147523272F9E00026D66 /* HomeViewRouter.swift in Sources */,
				3FA68E8123252E0900AA77FD /* AppDelegate.swift in Sources */,
				3F32C11D2325391100A08240 /* SignInUseCase.swift in Sources */,
				3F80E5E9232590C7004EFB8C /* LoginViewController.swift in Sources */,
				3F7B1465232701CC00026D66 /* UseCaseFactory.swift in Sources */,
				3F32C1192325386200A08240 /* UserGateway.swift in Sources */,
				3F7B147D2327309300026D66 /* RouterFactory.swift in Sources */,
			);
			runOnlyForDeploymentPostprocessing = 0;
		};
		3FA68E8F23252E0B00AA77FD /* Sources */ = {
			isa = PBXSourcesBuildPhase;
			buildActionMask = 2147483647;
			files = (
				3FA68E9823252E0B00AA77FD /* CuritiBusTests.swift in Sources */,
			);
			runOnlyForDeploymentPostprocessing = 0;
		};
		3FA68E9A23252E0B00AA77FD /* Sources */ = {
			isa = PBXSourcesBuildPhase;
			buildActionMask = 2147483647;
			files = (
				3FA68EA323252E0B00AA77FD /* CuritiBusUITests.swift in Sources */,
			);
			runOnlyForDeploymentPostprocessing = 0;
		};
/* End PBXSourcesBuildPhase section */

/* Begin PBXTargetDependency section */
		3FA68E9523252E0B00AA77FD /* PBXTargetDependency */ = {
			isa = PBXTargetDependency;
			target = 3FA68E7C23252E0900AA77FD /* CuritiBus */;
			targetProxy = 3FA68E9423252E0B00AA77FD /* PBXContainerItemProxy */;
		};
		3FA68EA023252E0B00AA77FD /* PBXTargetDependency */ = {
			isa = PBXTargetDependency;
			target = 3FA68E7C23252E0900AA77FD /* CuritiBus */;
			targetProxy = 3FA68E9F23252E0B00AA77FD /* PBXContainerItemProxy */;
		};
/* End PBXTargetDependency section */

/* Begin XCBuildConfiguration section */
		3FA68EA523252E0B00AA77FD /* Debug */ = {
			isa = XCBuildConfiguration;
			buildSettings = {
				ALWAYS_SEARCH_USER_PATHS = NO;
				CLANG_ANALYZER_LOCALIZABILITY_NONLOCALIZED = YES;
				CLANG_ANALYZER_NONNULL = YES;
				CLANG_ANALYZER_NUMBER_OBJECT_CONVERSION = YES_AGGRESSIVE;
				CLANG_CXX_LANGUAGE_STANDARD = "gnu++14";
				CLANG_CXX_LIBRARY = "libc++";
				CLANG_ENABLE_MODULES = YES;
				CLANG_ENABLE_OBJC_ARC = YES;
				CLANG_ENABLE_OBJC_WEAK = YES;
				CLANG_WARN_BLOCK_CAPTURE_AUTORELEASING = YES;
				CLANG_WARN_BOOL_CONVERSION = YES;
				CLANG_WARN_COMMA = YES;
				CLANG_WARN_CONSTANT_CONVERSION = YES;
				CLANG_WARN_DEPRECATED_OBJC_IMPLEMENTATIONS = YES;
				CLANG_WARN_DIRECT_OBJC_ISA_USAGE = YES_ERROR;
				CLANG_WARN_DOCUMENTATION_COMMENTS = YES;
				CLANG_WARN_EMPTY_BODY = YES;
				CLANG_WARN_ENUM_CONVERSION = YES;
				CLANG_WARN_INFINITE_RECURSION = YES;
				CLANG_WARN_INT_CONVERSION = YES;
				CLANG_WARN_NON_LITERAL_NULL_CONVERSION = YES;
				CLANG_WARN_OBJC_IMPLICIT_RETAIN_SELF = YES;
				CLANG_WARN_OBJC_LITERAL_CONVERSION = YES;
				CLANG_WARN_OBJC_ROOT_CLASS = YES_ERROR;
				CLANG_WARN_RANGE_LOOP_ANALYSIS = YES;
				CLANG_WARN_STRICT_PROTOTYPES = YES;
				CLANG_WARN_SUSPICIOUS_MOVE = YES;
				CLANG_WARN_UNGUARDED_AVAILABILITY = YES_AGGRESSIVE;
				CLANG_WARN_UNREACHABLE_CODE = YES;
				CLANG_WARN__DUPLICATE_METHOD_MATCH = YES;
				COPY_PHASE_STRIP = NO;
				DEBUG_INFORMATION_FORMAT = dwarf;
				ENABLE_STRICT_OBJC_MSGSEND = YES;
				ENABLE_TESTABILITY = YES;
				GCC_C_LANGUAGE_STANDARD = gnu11;
				GCC_DYNAMIC_NO_PIC = NO;
				GCC_NO_COMMON_BLOCKS = YES;
				GCC_OPTIMIZATION_LEVEL = 0;
				GCC_PREPROCESSOR_DEFINITIONS = (
					"DEBUG=1",
					"$(inherited)",
				);
				GCC_WARN_64_TO_32_BIT_CONVERSION = YES;
				GCC_WARN_ABOUT_RETURN_TYPE = YES_ERROR;
				GCC_WARN_UNDECLARED_SELECTOR = YES;
				GCC_WARN_UNINITIALIZED_AUTOS = YES_AGGRESSIVE;
				GCC_WARN_UNUSED_FUNCTION = YES;
				GCC_WARN_UNUSED_VARIABLE = YES;
				IPHONEOS_DEPLOYMENT_TARGET = 12.0;
				MTL_ENABLE_DEBUG_INFO = INCLUDE_SOURCE;
				MTL_FAST_MATH = YES;
				ONLY_ACTIVE_ARCH = YES;
				SDKROOT = iphoneos;
				SWIFT_ACTIVE_COMPILATION_CONDITIONS = DEBUG;
				SWIFT_OPTIMIZATION_LEVEL = "-Onone";
			};
			name = Debug;
		};
		3FA68EA623252E0B00AA77FD /* Release */ = {
			isa = XCBuildConfiguration;
			buildSettings = {
				ALWAYS_SEARCH_USER_PATHS = NO;
				CLANG_ANALYZER_LOCALIZABILITY_NONLOCALIZED = YES;
				CLANG_ANALYZER_NONNULL = YES;
				CLANG_ANALYZER_NUMBER_OBJECT_CONVERSION = YES_AGGRESSIVE;
				CLANG_CXX_LANGUAGE_STANDARD = "gnu++14";
				CLANG_CXX_LIBRARY = "libc++";
				CLANG_ENABLE_MODULES = YES;
				CLANG_ENABLE_OBJC_ARC = YES;
				CLANG_ENABLE_OBJC_WEAK = YES;
				CLANG_WARN_BLOCK_CAPTURE_AUTORELEASING = YES;
				CLANG_WARN_BOOL_CONVERSION = YES;
				CLANG_WARN_COMMA = YES;
				CLANG_WARN_CONSTANT_CONVERSION = YES;
				CLANG_WARN_DEPRECATED_OBJC_IMPLEMENTATIONS = YES;
				CLANG_WARN_DIRECT_OBJC_ISA_USAGE = YES_ERROR;
				CLANG_WARN_DOCUMENTATION_COMMENTS = YES;
				CLANG_WARN_EMPTY_BODY = YES;
				CLANG_WARN_ENUM_CONVERSION = YES;
				CLANG_WARN_INFINITE_RECURSION = YES;
				CLANG_WARN_INT_CONVERSION = YES;
				CLANG_WARN_NON_LITERAL_NULL_CONVERSION = YES;
				CLANG_WARN_OBJC_IMPLICIT_RETAIN_SELF = YES;
				CLANG_WARN_OBJC_LITERAL_CONVERSION = YES;
				CLANG_WARN_OBJC_ROOT_CLASS = YES_ERROR;
				CLANG_WARN_RANGE_LOOP_ANALYSIS = YES;
				CLANG_WARN_STRICT_PROTOTYPES = YES;
				CLANG_WARN_SUSPICIOUS_MOVE = YES;
				CLANG_WARN_UNGUARDED_AVAILABILITY = YES_AGGRESSIVE;
				CLANG_WARN_UNREACHABLE_CODE = YES;
				CLANG_WARN__DUPLICATE_METHOD_MATCH = YES;
				COPY_PHASE_STRIP = NO;
				DEBUG_INFORMATION_FORMAT = "dwarf-with-dsym";
				ENABLE_NS_ASSERTIONS = NO;
				ENABLE_STRICT_OBJC_MSGSEND = YES;
				GCC_C_LANGUAGE_STANDARD = gnu11;
				GCC_NO_COMMON_BLOCKS = YES;
				GCC_WARN_64_TO_32_BIT_CONVERSION = YES;
				GCC_WARN_ABOUT_RETURN_TYPE = YES_ERROR;
				GCC_WARN_UNDECLARED_SELECTOR = YES;
				GCC_WARN_UNINITIALIZED_AUTOS = YES_AGGRESSIVE;
				GCC_WARN_UNUSED_FUNCTION = YES;
				GCC_WARN_UNUSED_VARIABLE = YES;
				IPHONEOS_DEPLOYMENT_TARGET = 12.0;
				MTL_ENABLE_DEBUG_INFO = NO;
				MTL_FAST_MATH = YES;
				SDKROOT = iphoneos;
				SWIFT_COMPILATION_MODE = wholemodule;
				SWIFT_OPTIMIZATION_LEVEL = "-O";
				VALIDATE_PRODUCT = YES;
			};
			name = Release;
		};
		3FA68EA823252E0B00AA77FD /* Debug */ = {
			isa = XCBuildConfiguration;
			baseConfigurationReference = 7D6F76099C2AD99CB98994C8 /* Pods-CuritiBus.debug.xcconfig */;
			buildSettings = {
				ASSETCATALOG_COMPILER_APPICON_NAME = AppIcon;
				CODE_SIGN_ENTITLEMENTS = CuritiBus/CuritiBus.entitlements;
				CODE_SIGN_STYLE = Automatic;
				DEVELOPMENT_TEAM = D97MJ3844Q;
				FRAMEWORK_SEARCH_PATHS = "$(inherited)";
				INFOPLIST_FILE = CuritiBus/Client/Info.plist;
				LD_RUNPATH_SEARCH_PATHS = (
					"$(inherited)",
					"@executable_path/Frameworks",
				);
				MARKETING_VERSION = 4.0;
				PRODUCT_BUNDLE_IDENTIFIER = com.4loop.BusaoCuritiba;
				PRODUCT_NAME = "$(TARGET_NAME)";
				SWIFT_VERSION = 5.0;
				TARGETED_DEVICE_FAMILY = 1;
			};
			name = Debug;
		};
		3FA68EA923252E0B00AA77FD /* Release */ = {
			isa = XCBuildConfiguration;
			baseConfigurationReference = 31F582EEDB82B80BEDB6DC30 /* Pods-CuritiBus.release.xcconfig */;
			buildSettings = {
				ASSETCATALOG_COMPILER_APPICON_NAME = AppIcon;
				CODE_SIGN_ENTITLEMENTS = CuritiBus/CuritiBus.entitlements;
				CODE_SIGN_STYLE = Automatic;
				DEVELOPMENT_TEAM = D97MJ3844Q;
				FRAMEWORK_SEARCH_PATHS = "$(inherited)";
				INFOPLIST_FILE = CuritiBus/Client/Info.plist;
				LD_RUNPATH_SEARCH_PATHS = (
					"$(inherited)",
					"@executable_path/Frameworks",
				);
				MARKETING_VERSION = 4.0;
				PRODUCT_BUNDLE_IDENTIFIER = com.4loop.BusaoCuritiba;
				PRODUCT_NAME = "$(TARGET_NAME)";
				SWIFT_VERSION = 5.0;
				TARGETED_DEVICE_FAMILY = 1;
			};
			name = Release;
		};
		3FA68EAB23252E0B00AA77FD /* Debug */ = {
			isa = XCBuildConfiguration;
			buildSettings = {
				ALWAYS_EMBED_SWIFT_STANDARD_LIBRARIES = YES;
				BUNDLE_LOADER = "$(TEST_HOST)";
				CODE_SIGN_STYLE = Automatic;
				DEVELOPMENT_TEAM = D97MJ3844Q;
				INFOPLIST_FILE = CuritiBusTests/Info.plist;
				IPHONEOS_DEPLOYMENT_TARGET = 13.0;
				LD_RUNPATH_SEARCH_PATHS = (
					"$(inherited)",
					"@executable_path/Frameworks",
					"@loader_path/Frameworks",
				);
				PRODUCT_BUNDLE_IDENTIFIER = com.4loop.CuritiBusTests;
				PRODUCT_NAME = "$(TARGET_NAME)";
				SWIFT_VERSION = 5.0;
				TARGETED_DEVICE_FAMILY = "1,2";
				TEST_HOST = "$(BUILT_PRODUCTS_DIR)/CuritiBus.app/CuritiBus";
			};
			name = Debug;
		};
		3FA68EAC23252E0B00AA77FD /* Release */ = {
			isa = XCBuildConfiguration;
			buildSettings = {
				ALWAYS_EMBED_SWIFT_STANDARD_LIBRARIES = YES;
				BUNDLE_LOADER = "$(TEST_HOST)";
				CODE_SIGN_STYLE = Automatic;
				DEVELOPMENT_TEAM = D97MJ3844Q;
				INFOPLIST_FILE = CuritiBusTests/Info.plist;
				IPHONEOS_DEPLOYMENT_TARGET = 13.0;
				LD_RUNPATH_SEARCH_PATHS = (
					"$(inherited)",
					"@executable_path/Frameworks",
					"@loader_path/Frameworks",
				);
				PRODUCT_BUNDLE_IDENTIFIER = com.4loop.CuritiBusTests;
				PRODUCT_NAME = "$(TARGET_NAME)";
				SWIFT_VERSION = 5.0;
				TARGETED_DEVICE_FAMILY = "1,2";
				TEST_HOST = "$(BUILT_PRODUCTS_DIR)/CuritiBus.app/CuritiBus";
			};
			name = Release;
		};
		3FA68EAE23252E0B00AA77FD /* Debug */ = {
			isa = XCBuildConfiguration;
			buildSettings = {
				ALWAYS_EMBED_SWIFT_STANDARD_LIBRARIES = YES;
				CODE_SIGN_STYLE = Automatic;
				DEVELOPMENT_TEAM = D97MJ3844Q;
				INFOPLIST_FILE = CuritiBusUITests/Info.plist;
				LD_RUNPATH_SEARCH_PATHS = (
					"$(inherited)",
					"@executable_path/Frameworks",
					"@loader_path/Frameworks",
				);
				PRODUCT_BUNDLE_IDENTIFIER = com.4loop.CuritiBusUITests;
				PRODUCT_NAME = "$(TARGET_NAME)";
				SWIFT_VERSION = 5.0;
				TARGETED_DEVICE_FAMILY = "1,2";
				TEST_TARGET_NAME = CuritiBus;
			};
			name = Debug;
		};
		3FA68EAF23252E0B00AA77FD /* Release */ = {
			isa = XCBuildConfiguration;
			buildSettings = {
				ALWAYS_EMBED_SWIFT_STANDARD_LIBRARIES = YES;
				CODE_SIGN_STYLE = Automatic;
				DEVELOPMENT_TEAM = D97MJ3844Q;
				INFOPLIST_FILE = CuritiBusUITests/Info.plist;
				LD_RUNPATH_SEARCH_PATHS = (
					"$(inherited)",
					"@executable_path/Frameworks",
					"@loader_path/Frameworks",
				);
				PRODUCT_BUNDLE_IDENTIFIER = com.4loop.CuritiBusUITests;
				PRODUCT_NAME = "$(TARGET_NAME)";
				SWIFT_VERSION = 5.0;
				TARGETED_DEVICE_FAMILY = "1,2";
				TEST_TARGET_NAME = CuritiBus;
			};
			name = Release;
		};
/* End XCBuildConfiguration section */

/* Begin XCConfigurationList section */
		3FA68E7823252E0900AA77FD /* Build configuration list for PBXProject "CuritiBus" */ = {
			isa = XCConfigurationList;
			buildConfigurations = (
				3FA68EA523252E0B00AA77FD /* Debug */,
				3FA68EA623252E0B00AA77FD /* Release */,
			);
			defaultConfigurationIsVisible = 0;
			defaultConfigurationName = Release;
		};
		3FA68EA723252E0B00AA77FD /* Build configuration list for PBXNativeTarget "CuritiBus" */ = {
			isa = XCConfigurationList;
			buildConfigurations = (
				3FA68EA823252E0B00AA77FD /* Debug */,
				3FA68EA923252E0B00AA77FD /* Release */,
			);
			defaultConfigurationIsVisible = 0;
			defaultConfigurationName = Release;
		};
		3FA68EAA23252E0B00AA77FD /* Build configuration list for PBXNativeTarget "CuritiBusTests" */ = {
			isa = XCConfigurationList;
			buildConfigurations = (
				3FA68EAB23252E0B00AA77FD /* Debug */,
				3FA68EAC23252E0B00AA77FD /* Release */,
			);
			defaultConfigurationIsVisible = 0;
			defaultConfigurationName = Release;
		};
		3FA68EAD23252E0B00AA77FD /* Build configuration list for PBXNativeTarget "CuritiBusUITests" */ = {
			isa = XCConfigurationList;
			buildConfigurations = (
				3FA68EAE23252E0B00AA77FD /* Debug */,
				3FA68EAF23252E0B00AA77FD /* Release */,
			);
			defaultConfigurationIsVisible = 0;
			defaultConfigurationName = Release;
		};
/* End XCConfigurationList section */

/* Begin XCRemoteSwiftPackageReference section */
		3F32C12723253AC600A08240 /* XCRemoteSwiftPackageReference "APIClient" */ = {
			isa = XCRemoteSwiftPackageReference;
			repositoryURL = "https://github.com/diegotl/APIClient.git";
			requirement = {
				branch = master;
				kind = branch;
			};
		};
/* End XCRemoteSwiftPackageReference section */

/* Begin XCSwiftPackageProductDependency section */
		3F32C12823253AC600A08240 /* APIClient */ = {
			isa = XCSwiftPackageProductDependency;
			package = 3F32C12723253AC600A08240 /* XCRemoteSwiftPackageReference "APIClient" */;
			productName = APIClient;
		};
/* End XCSwiftPackageProductDependency section */
	};
	rootObject = 3FA68E7523252E0900AA77FD /* Project object */;
}
